Microsoft Visual Studio Solution File, Format Version 10.00
# Visual Studio 2008
Project("{8BC9CEB8-8B4A-11D0-8D11-00A0C91BC942}") = "ALL_BUILD", "ALL_BUILD.vcproj", "{3C60808E-BF47-4A51-866D-96A69E761070}"
	ProjectSection(ProjectDependencies) = postProject
		{ACC31449-BFE7-4CB7-9B6C-6FAC9F236E2C} = {ACC31449-BFE7-4CB7-9B6C-6FAC9F236E2C}
		{B862E70F-67FD-4DB5-9106-2F614A5B7EBC} = {B862E70F-67FD-4DB5-9106-2F614A5B7EBC}
		{D1A66F3B-99DF-407E-B803-66EC1E62D155} = {D1A66F3B-99DF-407E-B803-66EC1E62D155}
	EndProjectSection
EndProject
Project("{8BC9CEB8-8B4A-11D0-8D11-00A0C91BC942}") = "INSTALL", "INSTALL.vcproj", "{019EC316-CC1C-4891-BFF3-608D3FD9C8B7}"
	ProjectSection(ProjectDependencies) = postProject
		{3C60808E-BF47-4A51-866D-96A69E761070} = {3C60808E-BF47-4A51-866D-96A69E761070}
	EndProjectSection
EndProject
Project("{8BC9CEB8-8B4A-11D0-8D11-00A0C91BC942}") = "ZERO_CHECK", "..\..\ZERO_CHECK.vcproj", "{A316C368-75B6-4616-9A27-F430581FB932}"
	ProjectSection(ProjectDependencies) = postProject
	EndProjectSection
EndProject
Project("{8BC9CEB8-8B4A-11D0-8D11-00A0C91BC942}") = "vtksys", "vtksys.vcproj", "{ACC31449-BFE7-4CB7-9B6C-6FAC9F236E2C}"
	ProjectSection(ProjectDependencies) = postProject
		{A316C368-75B6-4616-9A27-F430581FB932} = {A316C368-75B6-4616-9A27-F430581FB932}
		{B862E70F-67FD-4DB5-9106-2F614A5B7EBC} = {B862E70F-67FD-4DB5-9106-2F614A5B7EBC}
		{D1A66F3B-99DF-407E-B803-66EC1E62D155} = {D1A66F3B-99DF-407E-B803-66EC1E62D155}
	EndProjectSection
EndProject
Project("{8BC9CEB8-8B4A-11D0-8D11-00A0C91BC942}") = "vtksysEncodeExecutable", "vtksysEncodeExecutable.vcproj", "{B862E70F-67FD-4DB5-9106-2F614A5B7EBC}"
	ProjectSection(ProjectDependencies) = postProject
		{A316C368-75B6-4616-9A27-F430581FB932} = {A316C368-75B6-4616-9A27-F430581FB932}
	EndProjectSection
EndProject
Project("{8BC9CEB8-8B4A-11D0-8D11-00A0C91BC942}") = "vtksysProcessFwd9x", "vtksysProcessFwd9x.vcproj", "{D1A66F3B-99DF-407E-B803-66EC1E62D155}"
	ProjectSection(ProjectDependencies) = postProject
		{A316C368-75B6-4616-9A27-F430581FB932} = {A316C368-75B6-4616-9A27-F430581FB932}
	EndProjectSection
EndProject
Global
	GlobalSection(SolutionConfigurationPlatforms) = preSolution
		Debug|Win32 = Debug|Win32
		Release|Win32 = Release|Win32
		MinSizeRel|Win32 = MinSizeRel|Win32
		RelWithDebInfo|Win32 = RelWithDebInfo|Win32
	EndGlobalSection
	GlobalSection(ProjectConfigurationPlatforms) = postSolution
		{3C60808E-BF47-4A51-866D-96A69E761070}.Debug|Win32.ActiveCfg = Debug|Win32
		{3C60808E-BF47-4A51-866D-96A69E761070}.Debug|Win32.Build.0 = Debug|Win32
		{3C60808E-BF47-4A51-866D-96A69E761070}.Release|Win32.ActiveCfg = Release|Win32
		{3C60808E-BF47-4A51-866D-96A69E761070}.Release|Win32.Build.0 = Release|Win32
		{3C60808E-BF47-4A51-866D-96A69E761070}.MinSizeRel|Win32.ActiveCfg = MinSizeRel|Win32
		{3C60808E-BF47-4A51-866D-96A69E761070}.MinSizeRel|Win32.Build.0 = MinSizeRel|Win32
		{3C60808E-BF47-4A51-866D-96A69E761070}.RelWithDebInfo|Win32.ActiveCfg = RelWithDebInfo|Win32
		{3C60808E-BF47-4A51-866D-96A69E761070}.RelWithDebInfo|Win32.Build.0 = RelWithDebInfo|Win32
		{019EC316-CC1C-4891-BFF3-608D3FD9C8B7}.Debug|Win32.ActiveCfg = Debug|Win32
		{019EC316-CC1C-4891-BFF3-608D3FD9C8B7}.Release|Win32.ActiveCfg = Release|Win32
		{019EC316-CC1C-4891-BFF3-608D3FD9C8B7}.MinSizeRel|Win32.ActiveCfg = MinSizeRel|Win32
		{019EC316-CC1C-4891-BFF3-608D3FD9C8B7}.RelWithDebInfo|Win32.ActiveCfg = RelWithDebInfo|Win32
		{A316C368-75B6-4616-9A27-F430581FB932}.Debug|Win32.ActiveCfg = Debug|Win32
		{A316C368-75B6-4616-9A27-F430581FB932}.Debug|Win32.Build.0 = Debug|Win32
		{A316C368-75B6-4616-9A27-F430581FB932}.Release|Win32.ActiveCfg = Release|Win32
		{A316C368-75B6-4616-9A27-F430581FB932}.Release|Win32.Build.0 = Release|Win32
		{A316C368-75B6-4616-9A27-F430581FB932}.MinSizeRel|Win32.ActiveCfg = MinSizeRel|Win32
		{A316C368-75B6-4616-9A27-F430581FB932}.MinSizeRel|Win32.Build.0 = MinSizeRel|Win32
		{A316C368-75B6-4616-9A27-F430581FB932}.RelWithDebInfo|Win32.ActiveCfg = RelWithDebInfo|Win32
		{A316C368-75B6-4616-9A27-F430581FB932}.RelWithDebInfo|Win32.Build.0 = RelWithDebInfo|Win32
		{ACC31449-BFE7-4CB7-9B6C-6FAC9F236E2C}.Debug|Win32.ActiveCfg = Debug|Win32
		{ACC31449-BFE7-4CB7-9B6C-6FAC9F236E2C}.Debug|Win32.Build.0 = Debug|Win32
		{ACC31449-BFE7-4CB7-9B6C-6FAC9F236E2C}.Release|Win32.ActiveCfg = Release|Win32
		{ACC31449-BFE7-4CB7-9B6C-6FAC9F236E2C}.Release|Win32.Build.0 = Release|Win32
		{ACC31449-BFE7-4CB7-9B6C-6FAC9F236E2C}.MinSizeRel|Win32.ActiveCfg = MinSizeRel|Win32
		{ACC31449-BFE7-4CB7-9B6C-6FAC9F236E2C}.MinSizeRel|Win32.Build.0 = MinSizeRel|Win32
		{ACC31449-BFE7-4CB7-9B6C-6FAC9F236E2C}.RelWithDebInfo|Win32.ActiveCfg = RelWithDebInfo|Win32
		{ACC31449-BFE7-4CB7-9B6C-6FAC9F236E2C}.RelWithDebInfo|Win32.Build.0 = RelWithDebInfo|Win32
		{B862E70F-67FD-4DB5-9106-2F614A5B7EBC}.Debug|Win32.ActiveCfg = Debug|Win32
		{B862E70F-67FD-4DB5-9106-2F614A5B7EBC}.Debug|Win32.Build.0 = Debug|Win32
		{B862E70F-67FD-4DB5-9106-2F614A5B7EBC}.Release|Win32.ActiveCfg = Release|Win32
		{B862E70F-67FD-4DB5-9106-2F614A5B7EBC}.Release|Win32.Build.0 = Release|Win32
		{B862E70F-67FD-4DB5-9106-2F614A5B7EBC}.MinSizeRel|Win32.ActiveCfg = MinSizeRel|Win32
		{B862E70F-67FD-4DB5-9106-2F614A5B7EBC}.MinSizeRel|Win32.Build.0 = MinSizeRel|Win32
		{B862E70F-67FD-4DB5-9106-2F614A5B7EBC}.RelWithDebInfo|Win32.ActiveCfg = RelWithDebInfo|Win32
		{B862E70F-67FD-4DB5-9106-2F614A5B7EBC}.RelWithDebInfo|Win32.Build.0 = RelWithDebInfo|Win32
		{D1A66F3B-99DF-407E-B803-66EC1E62D155}.Debug|Win32.ActiveCfg = Debug|Win32
		{D1A66F3B-99DF-407E-B803-66EC1E62D155}.Debug|Win32.Build.0 = Debug|Win32
		{D1A66F3B-99DF-407E-B803-66EC1E62D155}.Release|Win32.ActiveCfg = Release|Win32
		{D1A66F3B-99DF-407E-B803-66EC1E62D155}.Release|Win32.Build.0 = Release|Win32
		{D1A66F3B-99DF-407E-B803-66EC1E62D155}.MinSizeRel|Win32.ActiveCfg = MinSizeRel|Win32
		{D1A66F3B-99DF-407E-B803-66EC1E62D155}.MinSizeRel|Win32.Build.0 = MinSizeRel|Win32
		{D1A66F3B-99DF-407E-B803-66EC1E62D155}.RelWithDebInfo|Win32.ActiveCfg = RelWithDebInfo|Win32
		{D1A66F3B-99DF-407E-B803-66EC1E62D155}.RelWithDebInfo|Win32.Build.0 = RelWithDebInfo|Win32
	EndGlobalSection
	GlobalSection(ExtensibilityGlobals) = postSolution
	EndGlobalSection
	GlobalSection(ExtensibilityAddIns) = postSolution
	EndGlobalSection
EndGlobal
