Microsoft Visual Studio Solution File, Format Version 10.00
# Visual Studio 2008
Project("{8BC9CEB8-8B4A-11D0-8D11-00A0C91BC942}") = "ALL_BUILD", "ALL_BUILD.vcproj", "{28DC49DA-FDA5-433A-B273-B71E5190E5D8}"
	ProjectSection(ProjectDependencies) = postProject
		{59FB3940-55A8-421B-80FD-6A2B19C01697} = {59FB3940-55A8-421B-80FD-6A2B19C01697}
	EndProjectSection
EndProject
Project("{8BC9CEB8-8B4A-11D0-8D11-00A0C91BC942}") = "INSTALL", "INSTALL.vcproj", "{9494373F-22E1-4F02-BADF-8E53BF10ECD3}"
	ProjectSection(ProjectDependencies) = postProject
		{28DC49DA-FDA5-433A-B273-B71E5190E5D8} = {28DC49DA-FDA5-433A-B273-B71E5190E5D8}
	EndProjectSection
EndProject
Project("{8BC9CEB8-8B4A-11D0-8D11-00A0C91BC942}") = "RUN_TESTS", "RUN_TESTS.vcproj", "{580670A3-D90A-4FF1-89B8-B53726BE0021}"
	ProjectSection(ProjectDependencies) = postProject
	EndProjectSection
EndProject
Project("{8BC9CEB8-8B4A-11D0-8D11-00A0C91BC942}") = "ZERO_CHECK", "..\..\ZERO_CHECK.vcproj", "{9578B512-6FA5-42F4-A38A-708B7CDDE6F6}"
	ProjectSection(ProjectDependencies) = postProject
	EndProjectSection
EndProject
Project("{8BC9CEB8-8B4A-11D0-8D11-00A0C91BC942}") = "vtkfreetype", "..\vtkfreetype\vtkfreetype.vcproj", "{E9B8F2FA-48FD-4632-AF89-269EB3238A0E}"
	ProjectSection(ProjectDependencies) = postProject
		{9578B512-6FA5-42F4-A38A-708B7CDDE6F6} = {9578B512-6FA5-42F4-A38A-708B7CDDE6F6}
	EndProjectSection
EndProject
Project("{8BC9CEB8-8B4A-11D0-8D11-00A0C91BC942}") = "vtkftgl", "vtkftgl.vcproj", "{59FB3940-55A8-421B-80FD-6A2B19C01697}"
	ProjectSection(ProjectDependencies) = postProject
		{9578B512-6FA5-42F4-A38A-708B7CDDE6F6} = {9578B512-6FA5-42F4-A38A-708B7CDDE6F6}
		{E9B8F2FA-48FD-4632-AF89-269EB3238A0E} = {E9B8F2FA-48FD-4632-AF89-269EB3238A0E}
	EndProjectSection
EndProject
Global
	GlobalSection(SolutionConfigurationPlatforms) = preSolution
		Debug|Win32 = Debug|Win32
		Release|Win32 = Release|Win32
		MinSizeRel|Win32 = MinSizeRel|Win32
		RelWithDebInfo|Win32 = RelWithDebInfo|Win32
	EndGlobalSection
	GlobalSection(ProjectConfigurationPlatforms) = postSolution
		{28DC49DA-FDA5-433A-B273-B71E5190E5D8}.Debug|Win32.ActiveCfg = Debug|Win32
		{28DC49DA-FDA5-433A-B273-B71E5190E5D8}.Debug|Win32.Build.0 = Debug|Win32
		{28DC49DA-FDA5-433A-B273-B71E5190E5D8}.Release|Win32.ActiveCfg = Release|Win32
		{28DC49DA-FDA5-433A-B273-B71E5190E5D8}.Release|Win32.Build.0 = Release|Win32
		{28DC49DA-FDA5-433A-B273-B71E5190E5D8}.MinSizeRel|Win32.ActiveCfg = MinSizeRel|Win32
		{28DC49DA-FDA5-433A-B273-B71E5190E5D8}.MinSizeRel|Win32.Build.0 = MinSizeRel|Win32
		{28DC49DA-FDA5-433A-B273-B71E5190E5D8}.RelWithDebInfo|Win32.ActiveCfg = RelWithDebInfo|Win32
		{28DC49DA-FDA5-433A-B273-B71E5190E5D8}.RelWithDebInfo|Win32.Build.0 = RelWithDebInfo|Win32
		{9494373F-22E1-4F02-BADF-8E53BF10ECD3}.Debug|Win32.ActiveCfg = Debug|Win32
		{9494373F-22E1-4F02-BADF-8E53BF10ECD3}.Release|Win32.ActiveCfg = Release|Win32
		{9494373F-22E1-4F02-BADF-8E53BF10ECD3}.MinSizeRel|Win32.ActiveCfg = MinSizeRel|Win32
		{9494373F-22E1-4F02-BADF-8E53BF10ECD3}.RelWithDebInfo|Win32.ActiveCfg = RelWithDebInfo|Win32
		{580670A3-D90A-4FF1-89B8-B53726BE0021}.Debug|Win32.ActiveCfg = Debug|Win32
		{580670A3-D90A-4FF1-89B8-B53726BE0021}.Release|Win32.ActiveCfg = Release|Win32
		{580670A3-D90A-4FF1-89B8-B53726BE0021}.MinSizeRel|Win32.ActiveCfg = MinSizeRel|Win32
		{580670A3-D90A-4FF1-89B8-B53726BE0021}.RelWithDebInfo|Win32.ActiveCfg = RelWithDebInfo|Win32
		{9578B512-6FA5-42F4-A38A-708B7CDDE6F6}.Debug|Win32.ActiveCfg = Debug|Win32
		{9578B512-6FA5-42F4-A38A-708B7CDDE6F6}.Debug|Win32.Build.0 = Debug|Win32
		{9578B512-6FA5-42F4-A38A-708B7CDDE6F6}.Release|Win32.ActiveCfg = Release|Win32
		{9578B512-6FA5-42F4-A38A-708B7CDDE6F6}.Release|Win32.Build.0 = Release|Win32
		{9578B512-6FA5-42F4-A38A-708B7CDDE6F6}.MinSizeRel|Win32.ActiveCfg = MinSizeRel|Win32
		{9578B512-6FA5-42F4-A38A-708B7CDDE6F6}.MinSizeRel|Win32.Build.0 = MinSizeRel|Win32
		{9578B512-6FA5-42F4-A38A-708B7CDDE6F6}.RelWithDebInfo|Win32.ActiveCfg = RelWithDebInfo|Win32
		{9578B512-6FA5-42F4-A38A-708B7CDDE6F6}.RelWithDebInfo|Win32.Build.0 = RelWithDebInfo|Win32
		{E9B8F2FA-48FD-4632-AF89-269EB3238A0E}.Debug|Win32.ActiveCfg = Debug|Win32
		{E9B8F2FA-48FD-4632-AF89-269EB3238A0E}.Debug|Win32.Build.0 = Debug|Win32
		{E9B8F2FA-48FD-4632-AF89-269EB3238A0E}.Release|Win32.ActiveCfg = Release|Win32
		{E9B8F2FA-48FD-4632-AF89-269EB3238A0E}.Release|Win32.Build.0 = Release|Win32
		{E9B8F2FA-48FD-4632-AF89-269EB3238A0E}.MinSizeRel|Win32.ActiveCfg = MinSizeRel|Win32
		{E9B8F2FA-48FD-4632-AF89-269EB3238A0E}.MinSizeRel|Win32.Build.0 = MinSizeRel|Win32
		{E9B8F2FA-48FD-4632-AF89-269EB3238A0E}.RelWithDebInfo|Win32.ActiveCfg = RelWithDebInfo|Win32
		{E9B8F2FA-48FD-4632-AF89-269EB3238A0E}.RelWithDebInfo|Win32.Build.0 = RelWithDebInfo|Win32
		{59FB3940-55A8-421B-80FD-6A2B19C01697}.Debug|Win32.ActiveCfg = Debug|Win32
		{59FB3940-55A8-421B-80FD-6A2B19C01697}.Debug|Win32.Build.0 = Debug|Win32
		{59FB3940-55A8-421B-80FD-6A2B19C01697}.Release|Win32.ActiveCfg = Release|Win32
		{59FB3940-55A8-421B-80FD-6A2B19C01697}.Release|Win32.Build.0 = Release|Win32
		{59FB3940-55A8-421B-80FD-6A2B19C01697}.MinSizeRel|Win32.ActiveCfg = MinSizeRel|Win32
		{59FB3940-55A8-421B-80FD-6A2B19C01697}.MinSizeRel|Win32.Build.0 = MinSizeRel|Win32
		{59FB3940-55A8-421B-80FD-6A2B19C01697}.RelWithDebInfo|Win32.ActiveCfg = RelWithDebInfo|Win32
		{59FB3940-55A8-421B-80FD-6A2B19C01697}.RelWithDebInfo|Win32.Build.0 = RelWithDebInfo|Win32
	EndGlobalSection
	GlobalSection(ExtensibilityGlobals) = postSolution
	EndGlobalSection
	GlobalSection(ExtensibilityAddIns) = postSolution
	EndGlobalSection
EndGlobal
