Microsoft Visual Studio Solution File, Format Version 10.00
# Visual Studio 2008
Project("{8BC9CEB8-8B4A-11D0-8D11-00A0C91BC942}") = "ALL_BUILD", "ALL_BUILD.vcproj", "{28DC49DA-FDA5-433A-B273-B71E5190E5D8}"
	ProjectSection(ProjectDependencies) = postProject
		{172823CB-2EAD-40C7-A295-2AA094BE747C} = {172823CB-2EAD-40C7-A295-2AA094BE747C}
		{B623498E-6E8A-45E9-9579-E8FDE229ABC6} = {B623498E-6E8A-45E9-9579-E8FDE229ABC6}
		{18244CD8-9DF0-40C9-B187-16BA54A52C26} = {18244CD8-9DF0-40C9-B187-16BA54A52C26}
		{2888A81A-0A7B-438B-9437-1C5D182BA0EC} = {2888A81A-0A7B-438B-9437-1C5D182BA0EC}
		{77150F6B-2046-4930-9F05-2AB2025EB19F} = {77150F6B-2046-4930-9F05-2AB2025EB19F}
		{6CC66771-B28D-4955-AF4C-C2678021C7AC} = {6CC66771-B28D-4955-AF4C-C2678021C7AC}
		{F0F45196-06F1-4247-AA8D-B58F456B5BA4} = {F0F45196-06F1-4247-AA8D-B58F456B5BA4}
	EndProjectSection
EndProject
Project("{8BC9CEB8-8B4A-11D0-8D11-00A0C91BC942}") = "Cosmo", "..\..\..\Utilities\Cosmo\Cosmo.vcproj", "{ED9716DF-27AF-4FC2-9415-9A76F9210CF4}"
	ProjectSection(ProjectDependencies) = postProject
		{9578B512-6FA5-42F4-A38A-708B7CDDE6F6} = {9578B512-6FA5-42F4-A38A-708B7CDDE6F6}
		{B0639F22-C432-4FAE-A527-34FDDA9C6B82} = {B0639F22-C432-4FAE-A527-34FDDA9C6B82}
		{AB4A4715-ABD5-4A51-A000-65512BE57701} = {AB4A4715-ABD5-4A51-A000-65512BE57701}
	EndProjectSection
EndProject
Project("{8BC9CEB8-8B4A-11D0-8D11-00A0C91BC942}") = "GenerateCubesFromLabels", "GenerateCubesFromLabels.vcproj", "{172823CB-2EAD-40C7-A295-2AA094BE747C}"
	ProjectSection(ProjectDependencies) = postProject
		{9578B512-6FA5-42F4-A38A-708B7CDDE6F6} = {9578B512-6FA5-42F4-A38A-708B7CDDE6F6}
		{60AD5804-BD35-4732-A47E-A1C7ECAF2648} = {60AD5804-BD35-4732-A47E-A1C7ECAF2648}
		{462BC2F5-60B4-4D44-B106-198C05223339} = {462BC2F5-60B4-4D44-B106-198C05223339}
	EndProjectSection
EndProject
Project("{8BC9CEB8-8B4A-11D0-8D11-00A0C91BC942}") = "GenerateModelsFromLabels", "GenerateModelsFromLabels.vcproj", "{B623498E-6E8A-45E9-9579-E8FDE229ABC6}"
	ProjectSection(ProjectDependencies) = postProject
		{9578B512-6FA5-42F4-A38A-708B7CDDE6F6} = {9578B512-6FA5-42F4-A38A-708B7CDDE6F6}
		{60AD5804-BD35-4732-A47E-A1C7ECAF2648} = {60AD5804-BD35-4732-A47E-A1C7ECAF2648}
		{462BC2F5-60B4-4D44-B106-198C05223339} = {462BC2F5-60B4-4D44-B106-198C05223339}
	EndProjectSection
EndProject
Project("{8BC9CEB8-8B4A-11D0-8D11-00A0C91BC942}") = "INSTALL", "INSTALL.vcproj", "{9494373F-22E1-4F02-BADF-8E53BF10ECD3}"
	ProjectSection(ProjectDependencies) = postProject
		{28DC49DA-FDA5-433A-B273-B71E5190E5D8} = {28DC49DA-FDA5-433A-B273-B71E5190E5D8}
	EndProjectSection
EndProject
Project("{8BC9CEB8-8B4A-11D0-8D11-00A0C91BC942}") = "Medical1", "Medical1.vcproj", "{18244CD8-9DF0-40C9-B187-16BA54A52C26}"
	ProjectSection(ProjectDependencies) = postProject
		{9578B512-6FA5-42F4-A38A-708B7CDDE6F6} = {9578B512-6FA5-42F4-A38A-708B7CDDE6F6}
		{462BC2F5-60B4-4D44-B106-198C05223339} = {462BC2F5-60B4-4D44-B106-198C05223339}
		{720C898B-D44E-4002-818B-64F2A632F776} = {720C898B-D44E-4002-818B-64F2A632F776}
	EndProjectSection
EndProject
Project("{8BC9CEB8-8B4A-11D0-8D11-00A0C91BC942}") = "Medical2", "Medical2.vcproj", "{2888A81A-0A7B-438B-9437-1C5D182BA0EC}"
	ProjectSection(ProjectDependencies) = postProject
		{9578B512-6FA5-42F4-A38A-708B7CDDE6F6} = {9578B512-6FA5-42F4-A38A-708B7CDDE6F6}
		{462BC2F5-60B4-4D44-B106-198C05223339} = {462BC2F5-60B4-4D44-B106-198C05223339}
		{720C898B-D44E-4002-818B-64F2A632F776} = {720C898B-D44E-4002-818B-64F2A632F776}
	EndProjectSection
EndProject
Project("{8BC9CEB8-8B4A-11D0-8D11-00A0C91BC942}") = "Medical3", "Medical3.vcproj", "{77150F6B-2046-4930-9F05-2AB2025EB19F}"
	ProjectSection(ProjectDependencies) = postProject
		{9578B512-6FA5-42F4-A38A-708B7CDDE6F6} = {9578B512-6FA5-42F4-A38A-708B7CDDE6F6}
		{462BC2F5-60B4-4D44-B106-198C05223339} = {462BC2F5-60B4-4D44-B106-198C05223339}
		{720C898B-D44E-4002-818B-64F2A632F776} = {720C898B-D44E-4002-818B-64F2A632F776}
	EndProjectSection
EndProject
Project("{8BC9CEB8-8B4A-11D0-8D11-00A0C91BC942}") = "Medical4", "Medical4.vcproj", "{6CC66771-B28D-4955-AF4C-C2678021C7AC}"
	ProjectSection(ProjectDependencies) = postProject
		{9578B512-6FA5-42F4-A38A-708B7CDDE6F6} = {9578B512-6FA5-42F4-A38A-708B7CDDE6F6}
		{462BC2F5-60B4-4D44-B106-198C05223339} = {462BC2F5-60B4-4D44-B106-198C05223339}
		{11AF5B1D-91F6-4EA5-99F2-A1055B646F82} = {11AF5B1D-91F6-4EA5-99F2-A1055B646F82}
	EndProjectSection
EndProject
Project("{8BC9CEB8-8B4A-11D0-8D11-00A0C91BC942}") = "MedicalExamplesCxxTests", "MedicalExamplesCxxTests.vcproj", "{F0F45196-06F1-4247-AA8D-B58F456B5BA4}"
	ProjectSection(ProjectDependencies) = postProject
		{9578B512-6FA5-42F4-A38A-708B7CDDE6F6} = {9578B512-6FA5-42F4-A38A-708B7CDDE6F6}
		{720C898B-D44E-4002-818B-64F2A632F776} = {720C898B-D44E-4002-818B-64F2A632F776}
		{11AF5B1D-91F6-4EA5-99F2-A1055B646F82} = {11AF5B1D-91F6-4EA5-99F2-A1055B646F82}
		{A45E0774-AF90-4E0D-993F-5B0E5C30C0E5} = {A45E0774-AF90-4E0D-993F-5B0E5C30C0E5}
	EndProjectSection
EndProject
Project("{8BC9CEB8-8B4A-11D0-8D11-00A0C91BC942}") = "ProcessShader", "..\..\..\Utilities\MaterialLibrary\ProcessShader.vcproj", "{A1D8D175-9CDD-4153-A86E-FD9E5D10CB48}"
	ProjectSection(ProjectDependencies) = postProject
		{9578B512-6FA5-42F4-A38A-708B7CDDE6F6} = {9578B512-6FA5-42F4-A38A-708B7CDDE6F6}
		{AB4A4715-ABD5-4A51-A000-65512BE57701} = {AB4A4715-ABD5-4A51-A000-65512BE57701}
	EndProjectSection
EndProject
Project("{8BC9CEB8-8B4A-11D0-8D11-00A0C91BC942}") = "RUN_TESTS", "RUN_TESTS.vcproj", "{580670A3-D90A-4FF1-89B8-B53726BE0021}"
	ProjectSection(ProjectDependencies) = postProject
	EndProjectSection
EndProject
Project("{8BC9CEB8-8B4A-11D0-8D11-00A0C91BC942}") = "VPIC", "..\..\..\Utilities\VPIC\VPIC.vcproj", "{90A11C50-A32C-43E6-97C0-D6CFC84E340B}"
	ProjectSection(ProjectDependencies) = postProject
		{9578B512-6FA5-42F4-A38A-708B7CDDE6F6} = {9578B512-6FA5-42F4-A38A-708B7CDDE6F6}
		{AB4A4715-ABD5-4A51-A000-65512BE57701} = {AB4A4715-ABD5-4A51-A000-65512BE57701}
	EndProjectSection
EndProject
Project("{8BC9CEB8-8B4A-11D0-8D11-00A0C91BC942}") = "ZERO_CHECK", "..\..\..\ZERO_CHECK.vcproj", "{9578B512-6FA5-42F4-A38A-708B7CDDE6F6}"
	ProjectSection(ProjectDependencies) = postProject
	EndProjectSection
EndProject
Project("{8BC9CEB8-8B4A-11D0-8D11-00A0C91BC942}") = "vtkCommon", "..\..\..\Common\vtkCommon.vcproj", "{B0639F22-C432-4FAE-A527-34FDDA9C6B82}"
	ProjectSection(ProjectDependencies) = postProject
		{9578B512-6FA5-42F4-A38A-708B7CDDE6F6} = {9578B512-6FA5-42F4-A38A-708B7CDDE6F6}
		{AB4A4715-ABD5-4A51-A000-65512BE57701} = {AB4A4715-ABD5-4A51-A000-65512BE57701}
	EndProjectSection
EndProject
Project("{8BC9CEB8-8B4A-11D0-8D11-00A0C91BC942}") = "vtkDICOMParser", "..\..\..\Utilities\DICOMParser\vtkDICOMParser.vcproj", "{4EDAC9F4-4D2B-4C83-96A2-D50A2D0EC239}"
	ProjectSection(ProjectDependencies) = postProject
		{9578B512-6FA5-42F4-A38A-708B7CDDE6F6} = {9578B512-6FA5-42F4-A38A-708B7CDDE6F6}
	EndProjectSection
EndProject
Project("{8BC9CEB8-8B4A-11D0-8D11-00A0C91BC942}") = "vtkEncodeString", "..\..\..\Utilities\EncodeString\vtkEncodeString.vcproj", "{D8816FCF-FCF9-45B6-A029-975CD8BBEA29}"
	ProjectSection(ProjectDependencies) = postProject
		{9578B512-6FA5-42F4-A38A-708B7CDDE6F6} = {9578B512-6FA5-42F4-A38A-708B7CDDE6F6}
	EndProjectSection
EndProject
Project("{8BC9CEB8-8B4A-11D0-8D11-00A0C91BC942}") = "vtkFiltering", "..\..\..\Filtering\vtkFiltering.vcproj", "{D2A05B38-2889-437D-B109-5CAD478B0FCE}"
	ProjectSection(ProjectDependencies) = postProject
		{9578B512-6FA5-42F4-A38A-708B7CDDE6F6} = {9578B512-6FA5-42F4-A38A-708B7CDDE6F6}
		{B0639F22-C432-4FAE-A527-34FDDA9C6B82} = {B0639F22-C432-4FAE-A527-34FDDA9C6B82}
	EndProjectSection
EndProject
Project("{8BC9CEB8-8B4A-11D0-8D11-00A0C91BC942}") = "vtkGraphics", "..\..\..\Graphics\vtkGraphics.vcproj", "{4AFE68DB-0991-4BF6-A93D-378FDFCDC9EF}"
	ProjectSection(ProjectDependencies) = postProject
		{9578B512-6FA5-42F4-A38A-708B7CDDE6F6} = {9578B512-6FA5-42F4-A38A-708B7CDDE6F6}
		{D2A05B38-2889-437D-B109-5CAD478B0FCE} = {D2A05B38-2889-437D-B109-5CAD478B0FCE}
		{4EC89D35-3619-405C-B68D-E1872CDBE534} = {4EC89D35-3619-405C-B68D-E1872CDBE534}
	EndProjectSection
EndProject
Project("{8BC9CEB8-8B4A-11D0-8D11-00A0C91BC942}") = "vtkHashSource", "..\..\..\Utilities\HashSource\vtkHashSource.vcproj", "{1DB99D77-38B4-4900-9BF6-12CA90221FFE}"
	ProjectSection(ProjectDependencies) = postProject
		{9578B512-6FA5-42F4-A38A-708B7CDDE6F6} = {9578B512-6FA5-42F4-A38A-708B7CDDE6F6}
		{AB4A4715-ABD5-4A51-A000-65512BE57701} = {AB4A4715-ABD5-4A51-A000-65512BE57701}
	EndProjectSection
EndProject
Project("{8BC9CEB8-8B4A-11D0-8D11-00A0C91BC942}") = "vtkHybrid", "..\..\..\Hybrid\vtkHybrid.vcproj", "{60AD5804-BD35-4732-A47E-A1C7ECAF2648}"
	ProjectSection(ProjectDependencies) = postProject
		{9578B512-6FA5-42F4-A38A-708B7CDDE6F6} = {9578B512-6FA5-42F4-A38A-708B7CDDE6F6}
		{D8816FCF-FCF9-45B6-A029-975CD8BBEA29} = {D8816FCF-FCF9-45B6-A029-975CD8BBEA29}
		{462BC2F5-60B4-4D44-B106-198C05223339} = {462BC2F5-60B4-4D44-B106-198C05223339}
		{2178B1D8-47B9-43C4-BD73-D51AB253B010} = {2178B1D8-47B9-43C4-BD73-D51AB253B010}
		{720C898B-D44E-4002-818B-64F2A632F776} = {720C898B-D44E-4002-818B-64F2A632F776}
		{7697104D-5FE9-44EC-AB82-BA45994B2242} = {7697104D-5FE9-44EC-AB82-BA45994B2242}
		{59FB3940-55A8-421B-80FD-6A2B19C01697} = {59FB3940-55A8-421B-80FD-6A2B19C01697}
	EndProjectSection
EndProject
Project("{8BC9CEB8-8B4A-11D0-8D11-00A0C91BC942}") = "vtkIO", "..\..\..\IO\vtkIO.vcproj", "{462BC2F5-60B4-4D44-B106-198C05223339}"
	ProjectSection(ProjectDependencies) = postProject
		{9578B512-6FA5-42F4-A38A-708B7CDDE6F6} = {9578B512-6FA5-42F4-A38A-708B7CDDE6F6}
		{4EDAC9F4-4D2B-4C83-96A2-D50A2D0EC239} = {4EDAC9F4-4D2B-4C83-96A2-D50A2D0EC239}
		{D2A05B38-2889-437D-B109-5CAD478B0FCE} = {D2A05B38-2889-437D-B109-5CAD478B0FCE}
		{1FF752C7-88A9-4A28-B614-67C7F40B15EB} = {1FF752C7-88A9-4A28-B614-67C7F40B15EB}
		{DFC90D39-4B40-415F-BFFA-91EDD5D76613} = {DFC90D39-4B40-415F-BFFA-91EDD5D76613}
		{8262B983-30D5-41AE-BBB7-3BF346C147FE} = {8262B983-30D5-41AE-BBB7-3BF346C147FE}
		{CD159FC4-B8EF-4A4C-8B34-632212231931} = {CD159FC4-B8EF-4A4C-8B34-632212231931}
		{11C39632-9A31-412C-A374-2A4AD3AFFB96} = {11C39632-9A31-412C-A374-2A4AD3AFFB96}
		{9003D865-6E22-4CE0-A3E4-5D105F365CA4} = {9003D865-6E22-4CE0-A3E4-5D105F365CA4}
		{F1861BBB-EE45-43FB-90AF-1C33F6017309} = {F1861BBB-EE45-43FB-90AF-1C33F6017309}
		{0A97B23C-2DE2-40EC-8E54-B2A2AF399D4A} = {0A97B23C-2DE2-40EC-8E54-B2A2AF399D4A}
		{AB4A4715-ABD5-4A51-A000-65512BE57701} = {AB4A4715-ABD5-4A51-A000-65512BE57701}
		{59F240BE-E756-4FAE-BFE6-08CE4B05554D} = {59F240BE-E756-4FAE-BFE6-08CE4B05554D}
		{46564D24-440C-47C8-A8D0-F71A73DDDDFE} = {46564D24-440C-47C8-A8D0-F71A73DDDDFE}
	EndProjectSection
EndProject
Project("{8BC9CEB8-8B4A-11D0-8D11-00A0C91BC942}") = "vtkImaging", "..\..\..\Imaging\vtkImaging.vcproj", "{D459DBD2-C736-4D73-A2DA-AD980D64BDC6}"
	ProjectSection(ProjectDependencies) = postProject
		{9578B512-6FA5-42F4-A38A-708B7CDDE6F6} = {9578B512-6FA5-42F4-A38A-708B7CDDE6F6}
		{D2A05B38-2889-437D-B109-5CAD478B0FCE} = {D2A05B38-2889-437D-B109-5CAD478B0FCE}
	EndProjectSection
EndProject
Project("{8BC9CEB8-8B4A-11D0-8D11-00A0C91BC942}") = "vtkMaterialLibraryConfiguredFiles", "..\..\..\Utilities\MaterialLibrary\vtkMaterialLibraryConfiguredFiles.vcproj", "{1FF752C7-88A9-4A28-B614-67C7F40B15EB}"
	ProjectSection(ProjectDependencies) = postProject
		{A1D8D175-9CDD-4153-A86E-FD9E5D10CB48} = {A1D8D175-9CDD-4153-A86E-FD9E5D10CB48}
		{9578B512-6FA5-42F4-A38A-708B7CDDE6F6} = {9578B512-6FA5-42F4-A38A-708B7CDDE6F6}
	EndProjectSection
EndProject
Project("{8BC9CEB8-8B4A-11D0-8D11-00A0C91BC942}") = "vtkNetCDF", "..\..\..\Utilities\vtknetcdf\vtkNetCDF.vcproj", "{DFC90D39-4B40-415F-BFFA-91EDD5D76613}"
	ProjectSection(ProjectDependencies) = postProject
		{9578B512-6FA5-42F4-A38A-708B7CDDE6F6} = {9578B512-6FA5-42F4-A38A-708B7CDDE6F6}
	EndProjectSection
EndProject
Project("{8BC9CEB8-8B4A-11D0-8D11-00A0C91BC942}") = "vtkNetCDF_cxx", "..\..\..\Utilities\vtknetcdf\vtkNetCDF_cxx.vcproj", "{8262B983-30D5-41AE-BBB7-3BF346C147FE}"
	ProjectSection(ProjectDependencies) = postProject
		{9578B512-6FA5-42F4-A38A-708B7CDDE6F6} = {9578B512-6FA5-42F4-A38A-708B7CDDE6F6}
		{DFC90D39-4B40-415F-BFFA-91EDD5D76613} = {DFC90D39-4B40-415F-BFFA-91EDD5D76613}
	EndProjectSection
EndProject
Project("{8BC9CEB8-8B4A-11D0-8D11-00A0C91BC942}") = "vtkParallel", "..\..\..\Parallel\vtkParallel.vcproj", "{2178B1D8-47B9-43C4-BD73-D51AB253B010}"
	ProjectSection(ProjectDependencies) = postProject
		{ED9716DF-27AF-4FC2-9415-9A76F9210CF4} = {ED9716DF-27AF-4FC2-9415-9A76F9210CF4}
		{90A11C50-A32C-43E6-97C0-D6CFC84E340B} = {90A11C50-A32C-43E6-97C0-D6CFC84E340B}
		{9578B512-6FA5-42F4-A38A-708B7CDDE6F6} = {9578B512-6FA5-42F4-A38A-708B7CDDE6F6}
		{D8816FCF-FCF9-45B6-A029-975CD8BBEA29} = {D8816FCF-FCF9-45B6-A029-975CD8BBEA29}
		{1DB99D77-38B4-4900-9BF6-12CA90221FFE} = {1DB99D77-38B4-4900-9BF6-12CA90221FFE}
		{462BC2F5-60B4-4D44-B106-198C05223339} = {462BC2F5-60B4-4D44-B106-198C05223339}
		{720C898B-D44E-4002-818B-64F2A632F776} = {720C898B-D44E-4002-818B-64F2A632F776}
		{7697104D-5FE9-44EC-AB82-BA45994B2242} = {7697104D-5FE9-44EC-AB82-BA45994B2242}
	EndProjectSection
EndProject
Project("{8BC9CEB8-8B4A-11D0-8D11-00A0C91BC942}") = "vtkParseOGLExt", "..\..\..\Utilities\ParseOGLExt\vtkParseOGLExt.vcproj", "{1F68363D-D7CD-4993-AB78-DC1725E67CE9}"
	ProjectSection(ProjectDependencies) = postProject
		{9578B512-6FA5-42F4-A38A-708B7CDDE6F6} = {9578B512-6FA5-42F4-A38A-708B7CDDE6F6}
	EndProjectSection
EndProject
Project("{8BC9CEB8-8B4A-11D0-8D11-00A0C91BC942}") = "vtkRendering", "..\..\..\Rendering\vtkRendering.vcproj", "{720C898B-D44E-4002-818B-64F2A632F776}"
	ProjectSection(ProjectDependencies) = postProject
		{9578B512-6FA5-42F4-A38A-708B7CDDE6F6} = {9578B512-6FA5-42F4-A38A-708B7CDDE6F6}
		{D8816FCF-FCF9-45B6-A029-975CD8BBEA29} = {D8816FCF-FCF9-45B6-A029-975CD8BBEA29}
		{4AFE68DB-0991-4BF6-A93D-378FDFCDC9EF} = {4AFE68DB-0991-4BF6-A93D-378FDFCDC9EF}
		{462BC2F5-60B4-4D44-B106-198C05223339} = {462BC2F5-60B4-4D44-B106-198C05223339}
		{D459DBD2-C736-4D73-A2DA-AD980D64BDC6} = {D459DBD2-C736-4D73-A2DA-AD980D64BDC6}
		{1F68363D-D7CD-4993-AB78-DC1725E67CE9} = {1F68363D-D7CD-4993-AB78-DC1725E67CE9}
		{E9B8F2FA-48FD-4632-AF89-269EB3238A0E} = {E9B8F2FA-48FD-4632-AF89-269EB3238A0E}
		{59FB3940-55A8-421B-80FD-6A2B19C01697} = {59FB3940-55A8-421B-80FD-6A2B19C01697}
	EndProjectSection
EndProject
Project("{8BC9CEB8-8B4A-11D0-8D11-00A0C91BC942}") = "vtkVolumeRendering", "..\..\..\VolumeRendering\vtkVolumeRendering.vcproj", "{11AF5B1D-91F6-4EA5-99F2-A1055B646F82}"
	ProjectSection(ProjectDependencies) = postProject
		{9578B512-6FA5-42F4-A38A-708B7CDDE6F6} = {9578B512-6FA5-42F4-A38A-708B7CDDE6F6}
		{D8816FCF-FCF9-45B6-A029-975CD8BBEA29} = {D8816FCF-FCF9-45B6-A029-975CD8BBEA29}
		{462BC2F5-60B4-4D44-B106-198C05223339} = {462BC2F5-60B4-4D44-B106-198C05223339}
		{720C898B-D44E-4002-818B-64F2A632F776} = {720C898B-D44E-4002-818B-64F2A632F776}
	EndProjectSection
EndProject
Project("{8BC9CEB8-8B4A-11D0-8D11-00A0C91BC942}") = "vtkWidgets", "..\..\..\Widgets\vtkWidgets.vcproj", "{A45E0774-AF90-4E0D-993F-5B0E5C30C0E5}"
	ProjectSection(ProjectDependencies) = postProject
		{9578B512-6FA5-42F4-A38A-708B7CDDE6F6} = {9578B512-6FA5-42F4-A38A-708B7CDDE6F6}
		{60AD5804-BD35-4732-A47E-A1C7ECAF2648} = {60AD5804-BD35-4732-A47E-A1C7ECAF2648}
		{720C898B-D44E-4002-818B-64F2A632F776} = {720C898B-D44E-4002-818B-64F2A632F776}
	EndProjectSection
EndProject
Project("{8BC9CEB8-8B4A-11D0-8D11-00A0C91BC942}") = "vtkexoIIc", "..\..\..\Utilities\vtkexodus2\vtkexoIIc.vcproj", "{7697104D-5FE9-44EC-AB82-BA45994B2242}"
	ProjectSection(ProjectDependencies) = postProject
		{9578B512-6FA5-42F4-A38A-708B7CDDE6F6} = {9578B512-6FA5-42F4-A38A-708B7CDDE6F6}
		{DFC90D39-4B40-415F-BFFA-91EDD5D76613} = {DFC90D39-4B40-415F-BFFA-91EDD5D76613}
	EndProjectSection
EndProject
Project("{8BC9CEB8-8B4A-11D0-8D11-00A0C91BC942}") = "vtkexpat", "..\..\..\Utilities\vtkexpat\vtkexpat.vcproj", "{CD159FC4-B8EF-4A4C-8B34-632212231931}"
	ProjectSection(ProjectDependencies) = postProject
		{9578B512-6FA5-42F4-A38A-708B7CDDE6F6} = {9578B512-6FA5-42F4-A38A-708B7CDDE6F6}
	EndProjectSection
EndProject
Project("{8BC9CEB8-8B4A-11D0-8D11-00A0C91BC942}") = "vtkfreetype", "..\..\..\Utilities\vtkfreetype\vtkfreetype.vcproj", "{E9B8F2FA-48FD-4632-AF89-269EB3238A0E}"
	ProjectSection(ProjectDependencies) = postProject
		{9578B512-6FA5-42F4-A38A-708B7CDDE6F6} = {9578B512-6FA5-42F4-A38A-708B7CDDE6F6}
	EndProjectSection
EndProject
Project("{8BC9CEB8-8B4A-11D0-8D11-00A0C91BC942}") = "vtkftgl", "..\..\..\Utilities\ftgl\vtkftgl.vcproj", "{59FB3940-55A8-421B-80FD-6A2B19C01697}"
	ProjectSection(ProjectDependencies) = postProject
		{9578B512-6FA5-42F4-A38A-708B7CDDE6F6} = {9578B512-6FA5-42F4-A38A-708B7CDDE6F6}
		{E9B8F2FA-48FD-4632-AF89-269EB3238A0E} = {E9B8F2FA-48FD-4632-AF89-269EB3238A0E}
	EndProjectSection
EndProject
Project("{8BC9CEB8-8B4A-11D0-8D11-00A0C91BC942}") = "vtkjpeg", "..\..\..\Utilities\vtkjpeg\vtkjpeg.vcproj", "{11C39632-9A31-412C-A374-2A4AD3AFFB96}"
	ProjectSection(ProjectDependencies) = postProject
		{9578B512-6FA5-42F4-A38A-708B7CDDE6F6} = {9578B512-6FA5-42F4-A38A-708B7CDDE6F6}
	EndProjectSection
EndProject
Project("{8BC9CEB8-8B4A-11D0-8D11-00A0C91BC942}") = "vtkmetaio", "..\..\..\Utilities\vtkmetaio\vtkmetaio.vcproj", "{9003D865-6E22-4CE0-A3E4-5D105F365CA4}"
	ProjectSection(ProjectDependencies) = postProject
		{9578B512-6FA5-42F4-A38A-708B7CDDE6F6} = {9578B512-6FA5-42F4-A38A-708B7CDDE6F6}
		{AB4A4715-ABD5-4A51-A000-65512BE57701} = {AB4A4715-ABD5-4A51-A000-65512BE57701}
		{46564D24-440C-47C8-A8D0-F71A73DDDDFE} = {46564D24-440C-47C8-A8D0-F71A73DDDDFE}
	EndProjectSection
EndProject
Project("{8BC9CEB8-8B4A-11D0-8D11-00A0C91BC942}") = "vtkpng", "..\..\..\Utilities\vtkpng\vtkpng.vcproj", "{F1861BBB-EE45-43FB-90AF-1C33F6017309}"
	ProjectSection(ProjectDependencies) = postProject
		{9578B512-6FA5-42F4-A38A-708B7CDDE6F6} = {9578B512-6FA5-42F4-A38A-708B7CDDE6F6}
		{46564D24-440C-47C8-A8D0-F71A73DDDDFE} = {46564D24-440C-47C8-A8D0-F71A73DDDDFE}
	EndProjectSection
EndProject
Project("{8BC9CEB8-8B4A-11D0-8D11-00A0C91BC942}") = "vtksqlite", "..\..\..\Utilities\vtksqlite\vtksqlite.vcproj", "{0A97B23C-2DE2-40EC-8E54-B2A2AF399D4A}"
	ProjectSection(ProjectDependencies) = postProject
		{9578B512-6FA5-42F4-A38A-708B7CDDE6F6} = {9578B512-6FA5-42F4-A38A-708B7CDDE6F6}
	EndProjectSection
EndProject
Project("{8BC9CEB8-8B4A-11D0-8D11-00A0C91BC942}") = "vtksys", "..\..\..\Utilities\kwsys\vtksys.vcproj", "{AB4A4715-ABD5-4A51-A000-65512BE57701}"
	ProjectSection(ProjectDependencies) = postProject
		{9578B512-6FA5-42F4-A38A-708B7CDDE6F6} = {9578B512-6FA5-42F4-A38A-708B7CDDE6F6}
		{FB71664A-7C13-40C6-A5A8-21D1A3DFB04B} = {FB71664A-7C13-40C6-A5A8-21D1A3DFB04B}
		{12E604B1-403D-42DE-A600-A31CF4101B9F} = {12E604B1-403D-42DE-A600-A31CF4101B9F}
	EndProjectSection
EndProject
Project("{8BC9CEB8-8B4A-11D0-8D11-00A0C91BC942}") = "vtksysEncodeExecutable", "..\..\..\Utilities\kwsys\vtksysEncodeExecutable.vcproj", "{FB71664A-7C13-40C6-A5A8-21D1A3DFB04B}"
	ProjectSection(ProjectDependencies) = postProject
		{9578B512-6FA5-42F4-A38A-708B7CDDE6F6} = {9578B512-6FA5-42F4-A38A-708B7CDDE6F6}
	EndProjectSection
EndProject
Project("{8BC9CEB8-8B4A-11D0-8D11-00A0C91BC942}") = "vtksysProcessFwd9x", "..\..\..\Utilities\kwsys\vtksysProcessFwd9x.vcproj", "{12E604B1-403D-42DE-A600-A31CF4101B9F}"
	ProjectSection(ProjectDependencies) = postProject
		{9578B512-6FA5-42F4-A38A-708B7CDDE6F6} = {9578B512-6FA5-42F4-A38A-708B7CDDE6F6}
	EndProjectSection
EndProject
Project("{8BC9CEB8-8B4A-11D0-8D11-00A0C91BC942}") = "vtktiff", "..\..\..\Utilities\vtktiff\vtktiff.vcproj", "{59F240BE-E756-4FAE-BFE6-08CE4B05554D}"
	ProjectSection(ProjectDependencies) = postProject
		{9578B512-6FA5-42F4-A38A-708B7CDDE6F6} = {9578B512-6FA5-42F4-A38A-708B7CDDE6F6}
		{11C39632-9A31-412C-A374-2A4AD3AFFB96} = {11C39632-9A31-412C-A374-2A4AD3AFFB96}
		{46564D24-440C-47C8-A8D0-F71A73DDDDFE} = {46564D24-440C-47C8-A8D0-F71A73DDDDFE}
	EndProjectSection
EndProject
Project("{8BC9CEB8-8B4A-11D0-8D11-00A0C91BC942}") = "vtkverdict", "..\..\..\Utilities\verdict\vtkverdict.vcproj", "{4EC89D35-3619-405C-B68D-E1872CDBE534}"
	ProjectSection(ProjectDependencies) = postProject
		{9578B512-6FA5-42F4-A38A-708B7CDDE6F6} = {9578B512-6FA5-42F4-A38A-708B7CDDE6F6}
	EndProjectSection
EndProject
Project("{8BC9CEB8-8B4A-11D0-8D11-00A0C91BC942}") = "vtkzlib", "..\..\..\Utilities\vtkzlib\vtkzlib.vcproj", "{46564D24-440C-47C8-A8D0-F71A73DDDDFE}"
	ProjectSection(ProjectDependencies) = postProject
		{9578B512-6FA5-42F4-A38A-708B7CDDE6F6} = {9578B512-6FA5-42F4-A38A-708B7CDDE6F6}
	EndProjectSection
EndProject
Global
	GlobalSection(SolutionConfigurationPlatforms) = preSolution
		Debug|Win32 = Debug|Win32
		Release|Win32 = Release|Win32
		MinSizeRel|Win32 = MinSizeRel|Win32
		RelWithDebInfo|Win32 = RelWithDebInfo|Win32
	EndGlobalSection
	GlobalSection(ProjectConfigurationPlatforms) = postSolution
		{28DC49DA-FDA5-433A-B273-B71E5190E5D8}.Debug|Win32.ActiveCfg = Debug|Win32
		{28DC49DA-FDA5-433A-B273-B71E5190E5D8}.Debug|Win32.Build.0 = Debug|Win32
		{28DC49DA-FDA5-433A-B273-B71E5190E5D8}.Release|Win32.ActiveCfg = Release|Win32
		{28DC49DA-FDA5-433A-B273-B71E5190E5D8}.Release|Win32.Build.0 = Release|Win32
		{28DC49DA-FDA5-433A-B273-B71E5190E5D8}.MinSizeRel|Win32.ActiveCfg = MinSizeRel|Win32
		{28DC49DA-FDA5-433A-B273-B71E5190E5D8}.MinSizeRel|Win32.Build.0 = MinSizeRel|Win32
		{28DC49DA-FDA5-433A-B273-B71E5190E5D8}.RelWithDebInfo|Win32.ActiveCfg = RelWithDebInfo|Win32
		{28DC49DA-FDA5-433A-B273-B71E5190E5D8}.RelWithDebInfo|Win32.Build.0 = RelWithDebInfo|Win32
		{ED9716DF-27AF-4FC2-9415-9A76F9210CF4}.Debug|Win32.ActiveCfg = Debug|Win32
		{ED9716DF-27AF-4FC2-9415-9A76F9210CF4}.Debug|Win32.Build.0 = Debug|Win32
		{ED9716DF-27AF-4FC2-9415-9A76F9210CF4}.Release|Win32.ActiveCfg = Release|Win32
		{ED9716DF-27AF-4FC2-9415-9A76F9210CF4}.Release|Win32.Build.0 = Release|Win32
		{ED9716DF-27AF-4FC2-9415-9A76F9210CF4}.MinSizeRel|Win32.ActiveCfg = MinSizeRel|Win32
		{ED9716DF-27AF-4FC2-9415-9A76F9210CF4}.MinSizeRel|Win32.Build.0 = MinSizeRel|Win32
		{ED9716DF-27AF-4FC2-9415-9A76F9210CF4}.RelWithDebInfo|Win32.ActiveCfg = RelWithDebInfo|Win32
		{ED9716DF-27AF-4FC2-9415-9A76F9210CF4}.RelWithDebInfo|Win32.Build.0 = RelWithDebInfo|Win32
		{172823CB-2EAD-40C7-A295-2AA094BE747C}.Debug|Win32.ActiveCfg = Debug|Win32
		{172823CB-2EAD-40C7-A295-2AA094BE747C}.Debug|Win32.Build.0 = Debug|Win32
		{172823CB-2EAD-40C7-A295-2AA094BE747C}.Release|Win32.ActiveCfg = Release|Win32
		{172823CB-2EAD-40C7-A295-2AA094BE747C}.Release|Win32.Build.0 = Release|Win32
		{172823CB-2EAD-40C7-A295-2AA094BE747C}.MinSizeRel|Win32.ActiveCfg = MinSizeRel|Win32
		{172823CB-2EAD-40C7-A295-2AA094BE747C}.MinSizeRel|Win32.Build.0 = MinSizeRel|Win32
		{172823CB-2EAD-40C7-A295-2AA094BE747C}.RelWithDebInfo|Win32.ActiveCfg = RelWithDebInfo|Win32
		{172823CB-2EAD-40C7-A295-2AA094BE747C}.RelWithDebInfo|Win32.Build.0 = RelWithDebInfo|Win32
		{B623498E-6E8A-45E9-9579-E8FDE229ABC6}.Debug|Win32.ActiveCfg = Debug|Win32
		{B623498E-6E8A-45E9-9579-E8FDE229ABC6}.Debug|Win32.Build.0 = Debug|Win32
		{B623498E-6E8A-45E9-9579-E8FDE229ABC6}.Release|Win32.ActiveCfg = Release|Win32
		{B623498E-6E8A-45E9-9579-E8FDE229ABC6}.Release|Win32.Build.0 = Release|Win32
		{B623498E-6E8A-45E9-9579-E8FDE229ABC6}.MinSizeRel|Win32.ActiveCfg = MinSizeRel|Win32
		{B623498E-6E8A-45E9-9579-E8FDE229ABC6}.MinSizeRel|Win32.Build.0 = MinSizeRel|Win32
		{B623498E-6E8A-45E9-9579-E8FDE229ABC6}.RelWithDebInfo|Win32.ActiveCfg = RelWithDebInfo|Win32
		{B623498E-6E8A-45E9-9579-E8FDE229ABC6}.RelWithDebInfo|Win32.Build.0 = RelWithDebInfo|Win32
		{9494373F-22E1-4F02-BADF-8E53BF10ECD3}.Debug|Win32.ActiveCfg = Debug|Win32
		{9494373F-22E1-4F02-BADF-8E53BF10ECD3}.Release|Win32.ActiveCfg = Release|Win32
		{9494373F-22E1-4F02-BADF-8E53BF10ECD3}.MinSizeRel|Win32.ActiveCfg = MinSizeRel|Win32
		{9494373F-22E1-4F02-BADF-8E53BF10ECD3}.RelWithDebInfo|Win32.ActiveCfg = RelWithDebInfo|Win32
		{18244CD8-9DF0-40C9-B187-16BA54A52C26}.Debug|Win32.ActiveCfg = Debug|Win32
		{18244CD8-9DF0-40C9-B187-16BA54A52C26}.Debug|Win32.Build.0 = Debug|Win32
		{18244CD8-9DF0-40C9-B187-16BA54A52C26}.Release|Win32.ActiveCfg = Release|Win32
		{18244CD8-9DF0-40C9-B187-16BA54A52C26}.Release|Win32.Build.0 = Release|Win32
		{18244CD8-9DF0-40C9-B187-16BA54A52C26}.MinSizeRel|Win32.ActiveCfg = MinSizeRel|Win32
		{18244CD8-9DF0-40C9-B187-16BA54A52C26}.MinSizeRel|Win32.Build.0 = MinSizeRel|Win32
		{18244CD8-9DF0-40C9-B187-16BA54A52C26}.RelWithDebInfo|Win32.ActiveCfg = RelWithDebInfo|Win32
		{18244CD8-9DF0-40C9-B187-16BA54A52C26}.RelWithDebInfo|Win32.Build.0 = RelWithDebInfo|Win32
		{2888A81A-0A7B-438B-9437-1C5D182BA0EC}.Debug|Win32.ActiveCfg = Debug|Win32
		{2888A81A-0A7B-438B-9437-1C5D182BA0EC}.Debug|Win32.Build.0 = Debug|Win32
		{2888A81A-0A7B-438B-9437-1C5D182BA0EC}.Release|Win32.ActiveCfg = Release|Win32
		{2888A81A-0A7B-438B-9437-1C5D182BA0EC}.Release|Win32.Build.0 = Release|Win32
		{2888A81A-0A7B-438B-9437-1C5D182BA0EC}.MinSizeRel|Win32.ActiveCfg = MinSizeRel|Win32
		{2888A81A-0A7B-438B-9437-1C5D182BA0EC}.MinSizeRel|Win32.Build.0 = MinSizeRel|Win32
		{2888A81A-0A7B-438B-9437-1C5D182BA0EC}.RelWithDebInfo|Win32.ActiveCfg = RelWithDebInfo|Win32
		{2888A81A-0A7B-438B-9437-1C5D182BA0EC}.RelWithDebInfo|Win32.Build.0 = RelWithDebInfo|Win32
		{77150F6B-2046-4930-9F05-2AB2025EB19F}.Debug|Win32.ActiveCfg = Debug|Win32
		{77150F6B-2046-4930-9F05-2AB2025EB19F}.Debug|Win32.Build.0 = Debug|Win32
		{77150F6B-2046-4930-9F05-2AB2025EB19F}.Release|Win32.ActiveCfg = Release|Win32
		{77150F6B-2046-4930-9F05-2AB2025EB19F}.Release|Win32.Build.0 = Release|Win32
		{77150F6B-2046-4930-9F05-2AB2025EB19F}.MinSizeRel|Win32.ActiveCfg = MinSizeRel|Win32
		{77150F6B-2046-4930-9F05-2AB2025EB19F}.MinSizeRel|Win32.Build.0 = MinSizeRel|Win32
		{77150F6B-2046-4930-9F05-2AB2025EB19F}.RelWithDebInfo|Win32.ActiveCfg = RelWithDebInfo|Win32
		{77150F6B-2046-4930-9F05-2AB2025EB19F}.RelWithDebInfo|Win32.Build.0 = RelWithDebInfo|Win32
		{6CC66771-B28D-4955-AF4C-C2678021C7AC}.Debug|Win32.ActiveCfg = Debug|Win32
		{6CC66771-B28D-4955-AF4C-C2678021C7AC}.Debug|Win32.Build.0 = Debug|Win32
		{6CC66771-B28D-4955-AF4C-C2678021C7AC}.Release|Win32.ActiveCfg = Release|Win32
		{6CC66771-B28D-4955-AF4C-C2678021C7AC}.Release|Win32.Build.0 = Release|Win32
		{6CC66771-B28D-4955-AF4C-C2678021C7AC}.MinSizeRel|Win32.ActiveCfg = MinSizeRel|Win32
		{6CC66771-B28D-4955-AF4C-C2678021C7AC}.MinSizeRel|Win32.Build.0 = MinSizeRel|Win32
		{6CC66771-B28D-4955-AF4C-C2678021C7AC}.RelWithDebInfo|Win32.ActiveCfg = RelWithDebInfo|Win32
		{6CC66771-B28D-4955-AF4C-C2678021C7AC}.RelWithDebInfo|Win32.Build.0 = RelWithDebInfo|Win32
		{F0F45196-06F1-4247-AA8D-B58F456B5BA4}.Debug|Win32.ActiveCfg = Debug|Win32
		{F0F45196-06F1-4247-AA8D-B58F456B5BA4}.Debug|Win32.Build.0 = Debug|Win32
		{F0F45196-06F1-4247-AA8D-B58F456B5BA4}.Release|Win32.ActiveCfg = Release|Win32
		{F0F45196-06F1-4247-AA8D-B58F456B5BA4}.Release|Win32.Build.0 = Release|Win32
		{F0F45196-06F1-4247-AA8D-B58F456B5BA4}.MinSizeRel|Win32.ActiveCfg = MinSizeRel|Win32
		{F0F45196-06F1-4247-AA8D-B58F456B5BA4}.MinSizeRel|Win32.Build.0 = MinSizeRel|Win32
		{F0F45196-06F1-4247-AA8D-B58F456B5BA4}.RelWithDebInfo|Win32.ActiveCfg = RelWithDebInfo|Win32
		{F0F45196-06F1-4247-AA8D-B58F456B5BA4}.RelWithDebInfo|Win32.Build.0 = RelWithDebInfo|Win32
		{A1D8D175-9CDD-4153-A86E-FD9E5D10CB48}.Debug|Win32.ActiveCfg = Debug|Win32
		{A1D8D175-9CDD-4153-A86E-FD9E5D10CB48}.Debug|Win32.Build.0 = Debug|Win32
		{A1D8D175-9CDD-4153-A86E-FD9E5D10CB48}.Release|Win32.ActiveCfg = Release|Win32
		{A1D8D175-9CDD-4153-A86E-FD9E5D10CB48}.Release|Win32.Build.0 = Release|Win32
		{A1D8D175-9CDD-4153-A86E-FD9E5D10CB48}.MinSizeRel|Win32.ActiveCfg = MinSizeRel|Win32
		{A1D8D175-9CDD-4153-A86E-FD9E5D10CB48}.MinSizeRel|Win32.Build.0 = MinSizeRel|Win32
		{A1D8D175-9CDD-4153-A86E-FD9E5D10CB48}.RelWithDebInfo|Win32.ActiveCfg = RelWithDebInfo|Win32
		{A1D8D175-9CDD-4153-A86E-FD9E5D10CB48}.RelWithDebInfo|Win32.Build.0 = RelWithDebInfo|Win32
		{580670A3-D90A-4FF1-89B8-B53726BE0021}.Debug|Win32.ActiveCfg = Debug|Win32
		{580670A3-D90A-4FF1-89B8-B53726BE0021}.Release|Win32.ActiveCfg = Release|Win32
		{580670A3-D90A-4FF1-89B8-B53726BE0021}.MinSizeRel|Win32.ActiveCfg = MinSizeRel|Win32
		{580670A3-D90A-4FF1-89B8-B53726BE0021}.RelWithDebInfo|Win32.ActiveCfg = RelWithDebInfo|Win32
		{90A11C50-A32C-43E6-97C0-D6CFC84E340B}.Debug|Win32.ActiveCfg = Debug|Win32
		{90A11C50-A32C-43E6-97C0-D6CFC84E340B}.Debug|Win32.Build.0 = Debug|Win32
		{90A11C50-A32C-43E6-97C0-D6CFC84E340B}.Release|Win32.ActiveCfg = Release|Win32
		{90A11C50-A32C-43E6-97C0-D6CFC84E340B}.Release|Win32.Build.0 = Release|Win32
		{90A11C50-A32C-43E6-97C0-D6CFC84E340B}.MinSizeRel|Win32.ActiveCfg = MinSizeRel|Win32
		{90A11C50-A32C-43E6-97C0-D6CFC84E340B}.MinSizeRel|Win32.Build.0 = MinSizeRel|Win32
		{90A11C50-A32C-43E6-97C0-D6CFC84E340B}.RelWithDebInfo|Win32.ActiveCfg = RelWithDebInfo|Win32
		{90A11C50-A32C-43E6-97C0-D6CFC84E340B}.RelWithDebInfo|Win32.Build.0 = RelWithDebInfo|Win32
		{9578B512-6FA5-42F4-A38A-708B7CDDE6F6}.Debug|Win32.ActiveCfg = Debug|Win32
		{9578B512-6FA5-42F4-A38A-708B7CDDE6F6}.Debug|Win32.Build.0 = Debug|Win32
		{9578B512-6FA5-42F4-A38A-708B7CDDE6F6}.Release|Win32.ActiveCfg = Release|Win32
		{9578B512-6FA5-42F4-A38A-708B7CDDE6F6}.Release|Win32.Build.0 = Release|Win32
		{9578B512-6FA5-42F4-A38A-708B7CDDE6F6}.MinSizeRel|Win32.ActiveCfg = MinSizeRel|Win32
		{9578B512-6FA5-42F4-A38A-708B7CDDE6F6}.MinSizeRel|Win32.Build.0 = MinSizeRel|Win32
		{9578B512-6FA5-42F4-A38A-708B7CDDE6F6}.RelWithDebInfo|Win32.ActiveCfg = RelWithDebInfo|Win32
		{9578B512-6FA5-42F4-A38A-708B7CDDE6F6}.RelWithDebInfo|Win32.Build.0 = RelWithDebInfo|Win32
		{B0639F22-C432-4FAE-A527-34FDDA9C6B82}.Debug|Win32.ActiveCfg = Debug|Win32
		{B0639F22-C432-4FAE-A527-34FDDA9C6B82}.Debug|Win32.Build.0 = Debug|Win32
		{B0639F22-C432-4FAE-A527-34FDDA9C6B82}.Release|Win32.ActiveCfg = Release|Win32
		{B0639F22-C432-4FAE-A527-34FDDA9C6B82}.Release|Win32.Build.0 = Release|Win32
		{B0639F22-C432-4FAE-A527-34FDDA9C6B82}.MinSizeRel|Win32.ActiveCfg = MinSizeRel|Win32
		{B0639F22-C432-4FAE-A527-34FDDA9C6B82}.MinSizeRel|Win32.Build.0 = MinSizeRel|Win32
		{B0639F22-C432-4FAE-A527-34FDDA9C6B82}.RelWithDebInfo|Win32.ActiveCfg = RelWithDebInfo|Win32
		{B0639F22-C432-4FAE-A527-34FDDA9C6B82}.RelWithDebInfo|Win32.Build.0 = RelWithDebInfo|Win32
		{4EDAC9F4-4D2B-4C83-96A2-D50A2D0EC239}.Debug|Win32.ActiveCfg = Debug|Win32
		{4EDAC9F4-4D2B-4C83-96A2-D50A2D0EC239}.Debug|Win32.Build.0 = Debug|Win32
		{4EDAC9F4-4D2B-4C83-96A2-D50A2D0EC239}.Release|Win32.ActiveCfg = Release|Win32
		{4EDAC9F4-4D2B-4C83-96A2-D50A2D0EC239}.Release|Win32.Build.0 = Release|Win32
		{4EDAC9F4-4D2B-4C83-96A2-D50A2D0EC239}.MinSizeRel|Win32.ActiveCfg = MinSizeRel|Win32
		{4EDAC9F4-4D2B-4C83-96A2-D50A2D0EC239}.MinSizeRel|Win32.Build.0 = MinSizeRel|Win32
		{4EDAC9F4-4D2B-4C83-96A2-D50A2D0EC239}.RelWithDebInfo|Win32.ActiveCfg = RelWithDebInfo|Win32
		{4EDAC9F4-4D2B-4C83-96A2-D50A2D0EC239}.RelWithDebInfo|Win32.Build.0 = RelWithDebInfo|Win32
		{D8816FCF-FCF9-45B6-A029-975CD8BBEA29}.Debug|Win32.ActiveCfg = Debug|Win32
		{D8816FCF-FCF9-45B6-A029-975CD8BBEA29}.Debug|Win32.Build.0 = Debug|Win32
		{D8816FCF-FCF9-45B6-A029-975CD8BBEA29}.Release|Win32.ActiveCfg = Release|Win32
		{D8816FCF-FCF9-45B6-A029-975CD8BBEA29}.Release|Win32.Build.0 = Release|Win32
		{D8816FCF-FCF9-45B6-A029-975CD8BBEA29}.MinSizeRel|Win32.ActiveCfg = MinSizeRel|Win32
		{D8816FCF-FCF9-45B6-A029-975CD8BBEA29}.MinSizeRel|Win32.Build.0 = MinSizeRel|Win32
		{D8816FCF-FCF9-45B6-A029-975CD8BBEA29}.RelWithDebInfo|Win32.ActiveCfg = RelWithDebInfo|Win32
		{D8816FCF-FCF9-45B6-A029-975CD8BBEA29}.RelWithDebInfo|Win32.Build.0 = RelWithDebInfo|Win32
		{D2A05B38-2889-437D-B109-5CAD478B0FCE}.Debug|Win32.ActiveCfg = Debug|Win32
		{D2A05B38-2889-437D-B109-5CAD478B0FCE}.Debug|Win32.Build.0 = Debug|Win32
		{D2A05B38-2889-437D-B109-5CAD478B0FCE}.Release|Win32.ActiveCfg = Release|Win32
		{D2A05B38-2889-437D-B109-5CAD478B0FCE}.Release|Win32.Build.0 = Release|Win32
		{D2A05B38-2889-437D-B109-5CAD478B0FCE}.MinSizeRel|Win32.ActiveCfg = MinSizeRel|Win32
		{D2A05B38-2889-437D-B109-5CAD478B0FCE}.MinSizeRel|Win32.Build.0 = MinSizeRel|Win32
		{D2A05B38-2889-437D-B109-5CAD478B0FCE}.RelWithDebInfo|Win32.ActiveCfg = RelWithDebInfo|Win32
		{D2A05B38-2889-437D-B109-5CAD478B0FCE}.RelWithDebInfo|Win32.Build.0 = RelWithDebInfo|Win32
		{4AFE68DB-0991-4BF6-A93D-378FDFCDC9EF}.Debug|Win32.ActiveCfg = Debug|Win32
		{4AFE68DB-0991-4BF6-A93D-378FDFCDC9EF}.Debug|Win32.Build.0 = Debug|Win32
		{4AFE68DB-0991-4BF6-A93D-378FDFCDC9EF}.Release|Win32.ActiveCfg = Release|Win32
		{4AFE68DB-0991-4BF6-A93D-378FDFCDC9EF}.Release|Win32.Build.0 = Release|Win32
		{4AFE68DB-0991-4BF6-A93D-378FDFCDC9EF}.MinSizeRel|Win32.ActiveCfg = MinSizeRel|Win32
		{4AFE68DB-0991-4BF6-A93D-378FDFCDC9EF}.MinSizeRel|Win32.Build.0 = MinSizeRel|Win32
		{4AFE68DB-0991-4BF6-A93D-378FDFCDC9EF}.RelWithDebInfo|Win32.ActiveCfg = RelWithDebInfo|Win32
		{4AFE68DB-0991-4BF6-A93D-378FDFCDC9EF}.RelWithDebInfo|Win32.Build.0 = RelWithDebInfo|Win32
		{1DB99D77-38B4-4900-9BF6-12CA90221FFE}.Debug|Win32.ActiveCfg = Debug|Win32
		{1DB99D77-38B4-4900-9BF6-12CA90221FFE}.Debug|Win32.Build.0 = Debug|Win32
		{1DB99D77-38B4-4900-9BF6-12CA90221FFE}.Release|Win32.ActiveCfg = Release|Win32
		{1DB99D77-38B4-4900-9BF6-12CA90221FFE}.Release|Win32.Build.0 = Release|Win32
		{1DB99D77-38B4-4900-9BF6-12CA90221FFE}.MinSizeRel|Win32.ActiveCfg = MinSizeRel|Win32
		{1DB99D77-38B4-4900-9BF6-12CA90221FFE}.MinSizeRel|Win32.Build.0 = MinSizeRel|Win32
		{1DB99D77-38B4-4900-9BF6-12CA90221FFE}.RelWithDebInfo|Win32.ActiveCfg = RelWithDebInfo|Win32
		{1DB99D77-38B4-4900-9BF6-12CA90221FFE}.RelWithDebInfo|Win32.Build.0 = RelWithDebInfo|Win32
		{60AD5804-BD35-4732-A47E-A1C7ECAF2648}.Debug|Win32.ActiveCfg = Debug|Win32
		{60AD5804-BD35-4732-A47E-A1C7ECAF2648}.Debug|Win32.Build.0 = Debug|Win32
		{60AD5804-BD35-4732-A47E-A1C7ECAF2648}.Release|Win32.ActiveCfg = Release|Win32
		{60AD5804-BD35-4732-A47E-A1C7ECAF2648}.Release|Win32.Build.0 = Release|Win32
		{60AD5804-BD35-4732-A47E-A1C7ECAF2648}.MinSizeRel|Win32.ActiveCfg = MinSizeRel|Win32
		{60AD5804-BD35-4732-A47E-A1C7ECAF2648}.MinSizeRel|Win32.Build.0 = MinSizeRel|Win32
		{60AD5804-BD35-4732-A47E-A1C7ECAF2648}.RelWithDebInfo|Win32.ActiveCfg = RelWithDebInfo|Win32
		{60AD5804-BD35-4732-A47E-A1C7ECAF2648}.RelWithDebInfo|Win32.Build.0 = RelWithDebInfo|Win32
		{462BC2F5-60B4-4D44-B106-198C05223339}.Debug|Win32.ActiveCfg = Debug|Win32
		{462BC2F5-60B4-4D44-B106-198C05223339}.Debug|Win32.Build.0 = Debug|Win32
		{462BC2F5-60B4-4D44-B106-198C05223339}.Release|Win32.ActiveCfg = Release|Win32
		{462BC2F5-60B4-4D44-B106-198C05223339}.Release|Win32.Build.0 = Release|Win32
		{462BC2F5-60B4-4D44-B106-198C05223339}.MinSizeRel|Win32.ActiveCfg = MinSizeRel|Win32
		{462BC2F5-60B4-4D44-B106-198C05223339}.MinSizeRel|Win32.Build.0 = MinSizeRel|Win32
		{462BC2F5-60B4-4D44-B106-198C05223339}.RelWithDebInfo|Win32.ActiveCfg = RelWithDebInfo|Win32
		{462BC2F5-60B4-4D44-B106-198C05223339}.RelWithDebInfo|Win32.Build.0 = RelWithDebInfo|Win32
		{D459DBD2-C736-4D73-A2DA-AD980D64BDC6}.Debug|Win32.ActiveCfg = Debug|Win32
		{D459DBD2-C736-4D73-A2DA-AD980D64BDC6}.Debug|Win32.Build.0 = Debug|Win32
		{D459DBD2-C736-4D73-A2DA-AD980D64BDC6}.Release|Win32.ActiveCfg = Release|Win32
		{D459DBD2-C736-4D73-A2DA-AD980D64BDC6}.Release|Win32.Build.0 = Release|Win32
		{D459DBD2-C736-4D73-A2DA-AD980D64BDC6}.MinSizeRel|Win32.ActiveCfg = MinSizeRel|Win32
		{D459DBD2-C736-4D73-A2DA-AD980D64BDC6}.MinSizeRel|Win32.Build.0 = MinSizeRel|Win32
		{D459DBD2-C736-4D73-A2DA-AD980D64BDC6}.RelWithDebInfo|Win32.ActiveCfg = RelWithDebInfo|Win32
		{D459DBD2-C736-4D73-A2DA-AD980D64BDC6}.RelWithDebInfo|Win32.Build.0 = RelWithDebInfo|Win32
		{1FF752C7-88A9-4A28-B614-67C7F40B15EB}.Debug|Win32.ActiveCfg = Debug|Win32
		{1FF752C7-88A9-4A28-B614-67C7F40B15EB}.Release|Win32.ActiveCfg = Release|Win32
		{1FF752C7-88A9-4A28-B614-67C7F40B15EB}.MinSizeRel|Win32.ActiveCfg = MinSizeRel|Win32
		{1FF752C7-88A9-4A28-B614-67C7F40B15EB}.RelWithDebInfo|Win32.ActiveCfg = RelWithDebInfo|Win32
		{DFC90D39-4B40-415F-BFFA-91EDD5D76613}.Debug|Win32.ActiveCfg = Debug|Win32
		{DFC90D39-4B40-415F-BFFA-91EDD5D76613}.Debug|Win32.Build.0 = Debug|Win32
		{DFC90D39-4B40-415F-BFFA-91EDD5D76613}.Release|Win32.ActiveCfg = Release|Win32
		{DFC90D39-4B40-415F-BFFA-91EDD5D76613}.Release|Win32.Build.0 = Release|Win32
		{DFC90D39-4B40-415F-BFFA-91EDD5D76613}.MinSizeRel|Win32.ActiveCfg = MinSizeRel|Win32
		{DFC90D39-4B40-415F-BFFA-91EDD5D76613}.MinSizeRel|Win32.Build.0 = MinSizeRel|Win32
		{DFC90D39-4B40-415F-BFFA-91EDD5D76613}.RelWithDebInfo|Win32.ActiveCfg = RelWithDebInfo|Win32
		{DFC90D39-4B40-415F-BFFA-91EDD5D76613}.RelWithDebInfo|Win32.Build.0 = RelWithDebInfo|Win32
		{8262B983-30D5-41AE-BBB7-3BF346C147FE}.Debug|Win32.ActiveCfg = Debug|Win32
		{8262B983-30D5-41AE-BBB7-3BF346C147FE}.Debug|Win32.Build.0 = Debug|Win32
		{8262B983-30D5-41AE-BBB7-3BF346C147FE}.Release|Win32.ActiveCfg = Release|Win32
		{8262B983-30D5-41AE-BBB7-3BF346C147FE}.Release|Win32.Build.0 = Release|Win32
		{8262B983-30D5-41AE-BBB7-3BF346C147FE}.MinSizeRel|Win32.ActiveCfg = MinSizeRel|Win32
		{8262B983-30D5-41AE-BBB7-3BF346C147FE}.MinSizeRel|Win32.Build.0 = MinSizeRel|Win32
		{8262B983-30D5-41AE-BBB7-3BF346C147FE}.RelWithDebInfo|Win32.ActiveCfg = RelWithDebInfo|Win32
		{8262B983-30D5-41AE-BBB7-3BF346C147FE}.RelWithDebInfo|Win32.Build.0 = RelWithDebInfo|Win32
		{2178B1D8-47B9-43C4-BD73-D51AB253B010}.Debug|Win32.ActiveCfg = Debug|Win32
		{2178B1D8-47B9-43C4-BD73-D51AB253B010}.Debug|Win32.Build.0 = Debug|Win32
		{2178B1D8-47B9-43C4-BD73-D51AB253B010}.Release|Win32.ActiveCfg = Release|Win32
		{2178B1D8-47B9-43C4-BD73-D51AB253B010}.Release|Win32.Build.0 = Release|Win32
		{2178B1D8-47B9-43C4-BD73-D51AB253B010}.MinSizeRel|Win32.ActiveCfg = MinSizeRel|Win32
		{2178B1D8-47B9-43C4-BD73-D51AB253B010}.MinSizeRel|Win32.Build.0 = MinSizeRel|Win32
		{2178B1D8-47B9-43C4-BD73-D51AB253B010}.RelWithDebInfo|Win32.ActiveCfg = RelWithDebInfo|Win32
		{2178B1D8-47B9-43C4-BD73-D51AB253B010}.RelWithDebInfo|Win32.Build.0 = RelWithDebInfo|Win32
		{1F68363D-D7CD-4993-AB78-DC1725E67CE9}.Debug|Win32.ActiveCfg = Debug|Win32
		{1F68363D-D7CD-4993-AB78-DC1725E67CE9}.Debug|Win32.Build.0 = Debug|Win32
		{1F68363D-D7CD-4993-AB78-DC1725E67CE9}.Release|Win32.ActiveCfg = Release|Win32
		{1F68363D-D7CD-4993-AB78-DC1725E67CE9}.Release|Win32.Build.0 = Release|Win32
		{1F68363D-D7CD-4993-AB78-DC1725E67CE9}.MinSizeRel|Win32.ActiveCfg = MinSizeRel|Win32
		{1F68363D-D7CD-4993-AB78-DC1725E67CE9}.MinSizeRel|Win32.Build.0 = MinSizeRel|Win32
		{1F68363D-D7CD-4993-AB78-DC1725E67CE9}.RelWithDebInfo|Win32.ActiveCfg = RelWithDebInfo|Win32
		{1F68363D-D7CD-4993-AB78-DC1725E67CE9}.RelWithDebInfo|Win32.Build.0 = RelWithDebInfo|Win32
		{720C898B-D44E-4002-818B-64F2A632F776}.Debug|Win32.ActiveCfg = Debug|Win32
		{720C898B-D44E-4002-818B-64F2A632F776}.Debug|Win32.Build.0 = Debug|Win32
		{720C898B-D44E-4002-818B-64F2A632F776}.Release|Win32.ActiveCfg = Release|Win32
		{720C898B-D44E-4002-818B-64F2A632F776}.Release|Win32.Build.0 = Release|Win32
		{720C898B-D44E-4002-818B-64F2A632F776}.MinSizeRel|Win32.ActiveCfg = MinSizeRel|Win32
		{720C898B-D44E-4002-818B-64F2A632F776}.MinSizeRel|Win32.Build.0 = MinSizeRel|Win32
		{720C898B-D44E-4002-818B-64F2A632F776}.RelWithDebInfo|Win32.ActiveCfg = RelWithDebInfo|Win32
		{720C898B-D44E-4002-818B-64F2A632F776}.RelWithDebInfo|Win32.Build.0 = RelWithDebInfo|Win32
		{11AF5B1D-91F6-4EA5-99F2-A1055B646F82}.Debug|Win32.ActiveCfg = Debug|Win32
		{11AF5B1D-91F6-4EA5-99F2-A1055B646F82}.Debug|Win32.Build.0 = Debug|Win32
		{11AF5B1D-91F6-4EA5-99F2-A1055B646F82}.Release|Win32.ActiveCfg = Release|Win32
		{11AF5B1D-91F6-4EA5-99F2-A1055B646F82}.Release|Win32.Build.0 = Release|Win32
		{11AF5B1D-91F6-4EA5-99F2-A1055B646F82}.MinSizeRel|Win32.ActiveCfg = MinSizeRel|Win32
		{11AF5B1D-91F6-4EA5-99F2-A1055B646F82}.MinSizeRel|Win32.Build.0 = MinSizeRel|Win32
		{11AF5B1D-91F6-4EA5-99F2-A1055B646F82}.RelWithDebInfo|Win32.ActiveCfg = RelWithDebInfo|Win32
		{11AF5B1D-91F6-4EA5-99F2-A1055B646F82}.RelWithDebInfo|Win32.Build.0 = RelWithDebInfo|Win32
		{A45E0774-AF90-4E0D-993F-5B0E5C30C0E5}.Debug|Win32.ActiveCfg = Debug|Win32
		{A45E0774-AF90-4E0D-993F-5B0E5C30C0E5}.Debug|Win32.Build.0 = Debug|Win32
		{A45E0774-AF90-4E0D-993F-5B0E5C30C0E5}.Release|Win32.ActiveCfg = Release|Win32
		{A45E0774-AF90-4E0D-993F-5B0E5C30C0E5}.Release|Win32.Build.0 = Release|Win32
		{A45E0774-AF90-4E0D-993F-5B0E5C30C0E5}.MinSizeRel|Win32.ActiveCfg = MinSizeRel|Win32
		{A45E0774-AF90-4E0D-993F-5B0E5C30C0E5}.MinSizeRel|Win32.Build.0 = MinSizeRel|Win32
		{A45E0774-AF90-4E0D-993F-5B0E5C30C0E5}.RelWithDebInfo|Win32.ActiveCfg = RelWithDebInfo|Win32
		{A45E0774-AF90-4E0D-993F-5B0E5C30C0E5}.RelWithDebInfo|Win32.Build.0 = RelWithDebInfo|Win32
		{7697104D-5FE9-44EC-AB82-BA45994B2242}.Debug|Win32.ActiveCfg = Debug|Win32
		{7697104D-5FE9-44EC-AB82-BA45994B2242}.Debug|Win32.Build.0 = Debug|Win32
		{7697104D-5FE9-44EC-AB82-BA45994B2242}.Release|Win32.ActiveCfg = Release|Win32
		{7697104D-5FE9-44EC-AB82-BA45994B2242}.Release|Win32.Build.0 = Release|Win32
		{7697104D-5FE9-44EC-AB82-BA45994B2242}.MinSizeRel|Win32.ActiveCfg = MinSizeRel|Win32
		{7697104D-5FE9-44EC-AB82-BA45994B2242}.MinSizeRel|Win32.Build.0 = MinSizeRel|Win32
		{7697104D-5FE9-44EC-AB82-BA45994B2242}.RelWithDebInfo|Win32.ActiveCfg = RelWithDebInfo|Win32
		{7697104D-5FE9-44EC-AB82-BA45994B2242}.RelWithDebInfo|Win32.Build.0 = RelWithDebInfo|Win32
		{CD159FC4-B8EF-4A4C-8B34-632212231931}.Debug|Win32.ActiveCfg = Debug|Win32
		{CD159FC4-B8EF-4A4C-8B34-632212231931}.Debug|Win32.Build.0 = Debug|Win32
		{CD159FC4-B8EF-4A4C-8B34-632212231931}.Release|Win32.ActiveCfg = Release|Win32
		{CD159FC4-B8EF-4A4C-8B34-632212231931}.Release|Win32.Build.0 = Release|Win32
		{CD159FC4-B8EF-4A4C-8B34-632212231931}.MinSizeRel|Win32.ActiveCfg = MinSizeRel|Win32
		{CD159FC4-B8EF-4A4C-8B34-632212231931}.MinSizeRel|Win32.Build.0 = MinSizeRel|Win32
		{CD159FC4-B8EF-4A4C-8B34-632212231931}.RelWithDebInfo|Win32.ActiveCfg = RelWithDebInfo|Win32
		{CD159FC4-B8EF-4A4C-8B34-632212231931}.RelWithDebInfo|Win32.Build.0 = RelWithDebInfo|Win32
		{E9B8F2FA-48FD-4632-AF89-269EB3238A0E}.Debug|Win32.ActiveCfg = Debug|Win32
		{E9B8F2FA-48FD-4632-AF89-269EB3238A0E}.Debug|Win32.Build.0 = Debug|Win32
		{E9B8F2FA-48FD-4632-AF89-269EB3238A0E}.Release|Win32.ActiveCfg = Release|Win32
		{E9B8F2FA-48FD-4632-AF89-269EB3238A0E}.Release|Win32.Build.0 = Release|Win32
		{E9B8F2FA-48FD-4632-AF89-269EB3238A0E}.MinSizeRel|Win32.ActiveCfg = MinSizeRel|Win32
		{E9B8F2FA-48FD-4632-AF89-269EB3238A0E}.MinSizeRel|Win32.Build.0 = MinSizeRel|Win32
		{E9B8F2FA-48FD-4632-AF89-269EB3238A0E}.RelWithDebInfo|Win32.ActiveCfg = RelWithDebInfo|Win32
		{E9B8F2FA-48FD-4632-AF89-269EB3238A0E}.RelWithDebInfo|Win32.Build.0 = RelWithDebInfo|Win32
		{59FB3940-55A8-421B-80FD-6A2B19C01697}.Debug|Win32.ActiveCfg = Debug|Win32
		{59FB3940-55A8-421B-80FD-6A2B19C01697}.Debug|Win32.Build.0 = Debug|Win32
		{59FB3940-55A8-421B-80FD-6A2B19C01697}.Release|Win32.ActiveCfg = Release|Win32
		{59FB3940-55A8-421B-80FD-6A2B19C01697}.Release|Win32.Build.0 = Release|Win32
		{59FB3940-55A8-421B-80FD-6A2B19C01697}.MinSizeRel|Win32.ActiveCfg = MinSizeRel|Win32
		{59FB3940-55A8-421B-80FD-6A2B19C01697}.MinSizeRel|Win32.Build.0 = MinSizeRel|Win32
		{59FB3940-55A8-421B-80FD-6A2B19C01697}.RelWithDebInfo|Win32.ActiveCfg = RelWithDebInfo|Win32
		{59FB3940-55A8-421B-80FD-6A2B19C01697}.RelWithDebInfo|Win32.Build.0 = RelWithDebInfo|Win32
		{11C39632-9A31-412C-A374-2A4AD3AFFB96}.Debug|Win32.ActiveCfg = Debug|Win32
		{11C39632-9A31-412C-A374-2A4AD3AFFB96}.Debug|Win32.Build.0 = Debug|Win32
		{11C39632-9A31-412C-A374-2A4AD3AFFB96}.Release|Win32.ActiveCfg = Release|Win32
		{11C39632-9A31-412C-A374-2A4AD3AFFB96}.Release|Win32.Build.0 = Release|Win32
		{11C39632-9A31-412C-A374-2A4AD3AFFB96}.MinSizeRel|Win32.ActiveCfg = MinSizeRel|Win32
		{11C39632-9A31-412C-A374-2A4AD3AFFB96}.MinSizeRel|Win32.Build.0 = MinSizeRel|Win32
		{11C39632-9A31-412C-A374-2A4AD3AFFB96}.RelWithDebInfo|Win32.ActiveCfg = RelWithDebInfo|Win32
		{11C39632-9A31-412C-A374-2A4AD3AFFB96}.RelWithDebInfo|Win32.Build.0 = RelWithDebInfo|Win32
		{9003D865-6E22-4CE0-A3E4-5D105F365CA4}.Debug|Win32.ActiveCfg = Debug|Win32
		{9003D865-6E22-4CE0-A3E4-5D105F365CA4}.Debug|Win32.Build.0 = Debug|Win32
		{9003D865-6E22-4CE0-A3E4-5D105F365CA4}.Release|Win32.ActiveCfg = Release|Win32
		{9003D865-6E22-4CE0-A3E4-5D105F365CA4}.Release|Win32.Build.0 = Release|Win32
		{9003D865-6E22-4CE0-A3E4-5D105F365CA4}.MinSizeRel|Win32.ActiveCfg = MinSizeRel|Win32
		{9003D865-6E22-4CE0-A3E4-5D105F365CA4}.MinSizeRel|Win32.Build.0 = MinSizeRel|Win32
		{9003D865-6E22-4CE0-A3E4-5D105F365CA4}.RelWithDebInfo|Win32.ActiveCfg = RelWithDebInfo|Win32
		{9003D865-6E22-4CE0-A3E4-5D105F365CA4}.RelWithDebInfo|Win32.Build.0 = RelWithDebInfo|Win32
		{F1861BBB-EE45-43FB-90AF-1C33F6017309}.Debug|Win32.ActiveCfg = Debug|Win32
		{F1861BBB-EE45-43FB-90AF-1C33F6017309}.Debug|Win32.Build.0 = Debug|Win32
		{F1861BBB-EE45-43FB-90AF-1C33F6017309}.Release|Win32.ActiveCfg = Release|Win32
		{F1861BBB-EE45-43FB-90AF-1C33F6017309}.Release|Win32.Build.0 = Release|Win32
		{F1861BBB-EE45-43FB-90AF-1C33F6017309}.MinSizeRel|Win32.ActiveCfg = MinSizeRel|Win32
		{F1861BBB-EE45-43FB-90AF-1C33F6017309}.MinSizeRel|Win32.Build.0 = MinSizeRel|Win32
		{F1861BBB-EE45-43FB-90AF-1C33F6017309}.RelWithDebInfo|Win32.ActiveCfg = RelWithDebInfo|Win32
		{F1861BBB-EE45-43FB-90AF-1C33F6017309}.RelWithDebInfo|Win32.Build.0 = RelWithDebInfo|Win32
		{0A97B23C-2DE2-40EC-8E54-B2A2AF399D4A}.Debug|Win32.ActiveCfg = Debug|Win32
		{0A97B23C-2DE2-40EC-8E54-B2A2AF399D4A}.Debug|Win32.Build.0 = Debug|Win32
		{0A97B23C-2DE2-40EC-8E54-B2A2AF399D4A}.Release|Win32.ActiveCfg = Release|Win32
		{0A97B23C-2DE2-40EC-8E54-B2A2AF399D4A}.Release|Win32.Build.0 = Release|Win32
		{0A97B23C-2DE2-40EC-8E54-B2A2AF399D4A}.MinSizeRel|Win32.ActiveCfg = MinSizeRel|Win32
		{0A97B23C-2DE2-40EC-8E54-B2A2AF399D4A}.MinSizeRel|Win32.Build.0 = MinSizeRel|Win32
		{0A97B23C-2DE2-40EC-8E54-B2A2AF399D4A}.RelWithDebInfo|Win32.ActiveCfg = RelWithDebInfo|Win32
		{0A97B23C-2DE2-40EC-8E54-B2A2AF399D4A}.RelWithDebInfo|Win32.Build.0 = RelWithDebInfo|Win32
		{AB4A4715-ABD5-4A51-A000-65512BE57701}.Debug|Win32.ActiveCfg = Debug|Win32
		{AB4A4715-ABD5-4A51-A000-65512BE57701}.Debug|Win32.Build.0 = Debug|Win32
		{AB4A4715-ABD5-4A51-A000-65512BE57701}.Release|Win32.ActiveCfg = Release|Win32
		{AB4A4715-ABD5-4A51-A000-65512BE57701}.Release|Win32.Build.0 = Release|Win32
		{AB4A4715-ABD5-4A51-A000-65512BE57701}.MinSizeRel|Win32.ActiveCfg = MinSizeRel|Win32
		{AB4A4715-ABD5-4A51-A000-65512BE57701}.MinSizeRel|Win32.Build.0 = MinSizeRel|Win32
		{AB4A4715-ABD5-4A51-A000-65512BE57701}.RelWithDebInfo|Win32.ActiveCfg = RelWithDebInfo|Win32
		{AB4A4715-ABD5-4A51-A000-65512BE57701}.RelWithDebInfo|Win32.Build.0 = RelWithDebInfo|Win32
		{FB71664A-7C13-40C6-A5A8-21D1A3DFB04B}.Debug|Win32.ActiveCfg = Debug|Win32
		{FB71664A-7C13-40C6-A5A8-21D1A3DFB04B}.Debug|Win32.Build.0 = Debug|Win32
		{FB71664A-7C13-40C6-A5A8-21D1A3DFB04B}.Release|Win32.ActiveCfg = Release|Win32
		{FB71664A-7C13-40C6-A5A8-21D1A3DFB04B}.Release|Win32.Build.0 = Release|Win32
		{FB71664A-7C13-40C6-A5A8-21D1A3DFB04B}.MinSizeRel|Win32.ActiveCfg = MinSizeRel|Win32
		{FB71664A-7C13-40C6-A5A8-21D1A3DFB04B}.MinSizeRel|Win32.Build.0 = MinSizeRel|Win32
		{FB71664A-7C13-40C6-A5A8-21D1A3DFB04B}.RelWithDebInfo|Win32.ActiveCfg = RelWithDebInfo|Win32
		{FB71664A-7C13-40C6-A5A8-21D1A3DFB04B}.RelWithDebInfo|Win32.Build.0 = RelWithDebInfo|Win32
		{12E604B1-403D-42DE-A600-A31CF4101B9F}.Debug|Win32.ActiveCfg = Debug|Win32
		{12E604B1-403D-42DE-A600-A31CF4101B9F}.Debug|Win32.Build.0 = Debug|Win32
		{12E604B1-403D-42DE-A600-A31CF4101B9F}.Release|Win32.ActiveCfg = Release|Win32
		{12E604B1-403D-42DE-A600-A31CF4101B9F}.Release|Win32.Build.0 = Release|Win32
		{12E604B1-403D-42DE-A600-A31CF4101B9F}.MinSizeRel|Win32.ActiveCfg = MinSizeRel|Win32
		{12E604B1-403D-42DE-A600-A31CF4101B9F}.MinSizeRel|Win32.Build.0 = MinSizeRel|Win32
		{12E604B1-403D-42DE-A600-A31CF4101B9F}.RelWithDebInfo|Win32.ActiveCfg = RelWithDebInfo|Win32
		{12E604B1-403D-42DE-A600-A31CF4101B9F}.RelWithDebInfo|Win32.Build.0 = RelWithDebInfo|Win32
		{59F240BE-E756-4FAE-BFE6-08CE4B05554D}.Debug|Win32.ActiveCfg = Debug|Win32
		{59F240BE-E756-4FAE-BFE6-08CE4B05554D}.Debug|Win32.Build.0 = Debug|Win32
		{59F240BE-E756-4FAE-BFE6-08CE4B05554D}.Release|Win32.ActiveCfg = Release|Win32
		{59F240BE-E756-4FAE-BFE6-08CE4B05554D}.Release|Win32.Build.0 = Release|Win32
		{59F240BE-E756-4FAE-BFE6-08CE4B05554D}.MinSizeRel|Win32.ActiveCfg = MinSizeRel|Win32
		{59F240BE-E756-4FAE-BFE6-08CE4B05554D}.MinSizeRel|Win32.Build.0 = MinSizeRel|Win32
		{59F240BE-E756-4FAE-BFE6-08CE4B05554D}.RelWithDebInfo|Win32.ActiveCfg = RelWithDebInfo|Win32
		{59F240BE-E756-4FAE-BFE6-08CE4B05554D}.RelWithDebInfo|Win32.Build.0 = RelWithDebInfo|Win32
		{4EC89D35-3619-405C-B68D-E1872CDBE534}.Debug|Win32.ActiveCfg = Debug|Win32
		{4EC89D35-3619-405C-B68D-E1872CDBE534}.Debug|Win32.Build.0 = Debug|Win32
		{4EC89D35-3619-405C-B68D-E1872CDBE534}.Release|Win32.ActiveCfg = Release|Win32
		{4EC89D35-3619-405C-B68D-E1872CDBE534}.Release|Win32.Build.0 = Release|Win32
		{4EC89D35-3619-405C-B68D-E1872CDBE534}.MinSizeRel|Win32.ActiveCfg = MinSizeRel|Win32
		{4EC89D35-3619-405C-B68D-E1872CDBE534}.MinSizeRel|Win32.Build.0 = MinSizeRel|Win32
		{4EC89D35-3619-405C-B68D-E1872CDBE534}.RelWithDebInfo|Win32.ActiveCfg = RelWithDebInfo|Win32
		{4EC89D35-3619-405C-B68D-E1872CDBE534}.RelWithDebInfo|Win32.Build.0 = RelWithDebInfo|Win32
		{46564D24-440C-47C8-A8D0-F71A73DDDDFE}.Debug|Win32.ActiveCfg = Debug|Win32
		{46564D24-440C-47C8-A8D0-F71A73DDDDFE}.Debug|Win32.Build.0 = Debug|Win32
		{46564D24-440C-47C8-A8D0-F71A73DDDDFE}.Release|Win32.ActiveCfg = Release|Win32
		{46564D24-440C-47C8-A8D0-F71A73DDDDFE}.Release|Win32.Build.0 = Release|Win32
		{46564D24-440C-47C8-A8D0-F71A73DDDDFE}.MinSizeRel|Win32.ActiveCfg = MinSizeRel|Win32
		{46564D24-440C-47C8-A8D0-F71A73DDDDFE}.MinSizeRel|Win32.Build.0 = MinSizeRel|Win32
		{46564D24-440C-47C8-A8D0-F71A73DDDDFE}.RelWithDebInfo|Win32.ActiveCfg = RelWithDebInfo|Win32
		{46564D24-440C-47C8-A8D0-F71A73DDDDFE}.RelWithDebInfo|Win32.Build.0 = RelWithDebInfo|Win32
	EndGlobalSection
	GlobalSection(ExtensibilityGlobals) = postSolution
	EndGlobalSection
	GlobalSection(ExtensibilityAddIns) = postSolution
	EndGlobalSection
EndGlobal
