Microsoft Visual Studio Solution File, Format Version 10.00
# Visual Studio 2008
Project("{8BC9CEB8-8B4A-11D0-8D11-00A0C91BC942}") = "ALL_BUILD", "ALL_BUILD.vcproj", "{28DC49DA-FDA5-433A-B273-B71E5190E5D8}"
	ProjectSection(ProjectDependencies) = postProject
		{ED9716DF-27AF-4FC2-9415-9A76F9210CF4} = {ED9716DF-27AF-4FC2-9415-9A76F9210CF4}
	EndProjectSection
EndProject
Project("{8BC9CEB8-8B4A-11D0-8D11-00A0C91BC942}") = "Cosmo", "Cosmo.vcproj", "{ED9716DF-27AF-4FC2-9415-9A76F9210CF4}"
	ProjectSection(ProjectDependencies) = postProject
		{9578B512-6FA5-42F4-A38A-708B7CDDE6F6} = {9578B512-6FA5-42F4-A38A-708B7CDDE6F6}
		{B0639F22-C432-4FAE-A527-34FDDA9C6B82} = {B0639F22-C432-4FAE-A527-34FDDA9C6B82}
		{AB4A4715-ABD5-4A51-A000-65512BE57701} = {AB4A4715-ABD5-4A51-A000-65512BE57701}
	EndProjectSection
EndProject
Project("{8BC9CEB8-8B4A-11D0-8D11-00A0C91BC942}") = "INSTALL", "INSTALL.vcproj", "{9494373F-22E1-4F02-BADF-8E53BF10ECD3}"
	ProjectSection(ProjectDependencies) = postProject
		{28DC49DA-FDA5-433A-B273-B71E5190E5D8} = {28DC49DA-FDA5-433A-B273-B71E5190E5D8}
	EndProjectSection
EndProject
Project("{8BC9CEB8-8B4A-11D0-8D11-00A0C91BC942}") = "RUN_TESTS", "RUN_TESTS.vcproj", "{580670A3-D90A-4FF1-89B8-B53726BE0021}"
	ProjectSection(ProjectDependencies) = postProject
	EndProjectSection
EndProject
Project("{8BC9CEB8-8B4A-11D0-8D11-00A0C91BC942}") = "ZERO_CHECK", "..\..\ZERO_CHECK.vcproj", "{9578B512-6FA5-42F4-A38A-708B7CDDE6F6}"
	ProjectSection(ProjectDependencies) = postProject
	EndProjectSection
EndProject
Project("{8BC9CEB8-8B4A-11D0-8D11-00A0C91BC942}") = "vtkCommon", "..\..\Common\vtkCommon.vcproj", "{B0639F22-C432-4FAE-A527-34FDDA9C6B82}"
	ProjectSection(ProjectDependencies) = postProject
		{9578B512-6FA5-42F4-A38A-708B7CDDE6F6} = {9578B512-6FA5-42F4-A38A-708B7CDDE6F6}
		{AB4A4715-ABD5-4A51-A000-65512BE57701} = {AB4A4715-ABD5-4A51-A000-65512BE57701}
	EndProjectSection
EndProject
Project("{8BC9CEB8-8B4A-11D0-8D11-00A0C91BC942}") = "vtksys", "..\kwsys\vtksys.vcproj", "{AB4A4715-ABD5-4A51-A000-65512BE57701}"
	ProjectSection(ProjectDependencies) = postProject
		{9578B512-6FA5-42F4-A38A-708B7CDDE6F6} = {9578B512-6FA5-42F4-A38A-708B7CDDE6F6}
		{FB71664A-7C13-40C6-A5A8-21D1A3DFB04B} = {FB71664A-7C13-40C6-A5A8-21D1A3DFB04B}
		{12E604B1-403D-42DE-A600-A31CF4101B9F} = {12E604B1-403D-42DE-A600-A31CF4101B9F}
	EndProjectSection
EndProject
Project("{8BC9CEB8-8B4A-11D0-8D11-00A0C91BC942}") = "vtksysEncodeExecutable", "..\kwsys\vtksysEncodeExecutable.vcproj", "{FB71664A-7C13-40C6-A5A8-21D1A3DFB04B}"
	ProjectSection(ProjectDependencies) = postProject
		{9578B512-6FA5-42F4-A38A-708B7CDDE6F6} = {9578B512-6FA5-42F4-A38A-708B7CDDE6F6}
	EndProjectSection
EndProject
Project("{8BC9CEB8-8B4A-11D0-8D11-00A0C91BC942}") = "vtksysProcessFwd9x", "..\kwsys\vtksysProcessFwd9x.vcproj", "{12E604B1-403D-42DE-A600-A31CF4101B9F}"
	ProjectSection(ProjectDependencies) = postProject
		{9578B512-6FA5-42F4-A38A-708B7CDDE6F6} = {9578B512-6FA5-42F4-A38A-708B7CDDE6F6}
	EndProjectSection
EndProject
Global
	GlobalSection(SolutionConfigurationPlatforms) = preSolution
		Debug|Win32 = Debug|Win32
		Release|Win32 = Release|Win32
		MinSizeRel|Win32 = MinSizeRel|Win32
		RelWithDebInfo|Win32 = RelWithDebInfo|Win32
	EndGlobalSection
	GlobalSection(ProjectConfigurationPlatforms) = postSolution
		{28DC49DA-FDA5-433A-B273-B71E5190E5D8}.Debug|Win32.ActiveCfg = Debug|Win32
		{28DC49DA-FDA5-433A-B273-B71E5190E5D8}.Debug|Win32.Build.0 = Debug|Win32
		{28DC49DA-FDA5-433A-B273-B71E5190E5D8}.Release|Win32.ActiveCfg = Release|Win32
		{28DC49DA-FDA5-433A-B273-B71E5190E5D8}.Release|Win32.Build.0 = Release|Win32
		{28DC49DA-FDA5-433A-B273-B71E5190E5D8}.MinSizeRel|Win32.ActiveCfg = MinSizeRel|Win32
		{28DC49DA-FDA5-433A-B273-B71E5190E5D8}.MinSizeRel|Win32.Build.0 = MinSizeRel|Win32
		{28DC49DA-FDA5-433A-B273-B71E5190E5D8}.RelWithDebInfo|Win32.ActiveCfg = RelWithDebInfo|Win32
		{28DC49DA-FDA5-433A-B273-B71E5190E5D8}.RelWithDebInfo|Win32.Build.0 = RelWithDebInfo|Win32
		{ED9716DF-27AF-4FC2-9415-9A76F9210CF4}.Debug|Win32.ActiveCfg = Debug|Win32
		{ED9716DF-27AF-4FC2-9415-9A76F9210CF4}.Debug|Win32.Build.0 = Debug|Win32
		{ED9716DF-27AF-4FC2-9415-9A76F9210CF4}.Release|Win32.ActiveCfg = Release|Win32
		{ED9716DF-27AF-4FC2-9415-9A76F9210CF4}.Release|Win32.Build.0 = Release|Win32
		{ED9716DF-27AF-4FC2-9415-9A76F9210CF4}.MinSizeRel|Win32.ActiveCfg = MinSizeRel|Win32
		{ED9716DF-27AF-4FC2-9415-9A76F9210CF4}.MinSizeRel|Win32.Build.0 = MinSizeRel|Win32
		{ED9716DF-27AF-4FC2-9415-9A76F9210CF4}.RelWithDebInfo|Win32.ActiveCfg = RelWithDebInfo|Win32
		{ED9716DF-27AF-4FC2-9415-9A76F9210CF4}.RelWithDebInfo|Win32.Build.0 = RelWithDebInfo|Win32
		{9494373F-22E1-4F02-BADF-8E53BF10ECD3}.Debug|Win32.ActiveCfg = Debug|Win32
		{9494373F-22E1-4F02-BADF-8E53BF10ECD3}.Release|Win32.ActiveCfg = Release|Win32
		{9494373F-22E1-4F02-BADF-8E53BF10ECD3}.MinSizeRel|Win32.ActiveCfg = MinSizeRel|Win32
		{9494373F-22E1-4F02-BADF-8E53BF10ECD3}.RelWithDebInfo|Win32.ActiveCfg = RelWithDebInfo|Win32
		{580670A3-D90A-4FF1-89B8-B53726BE0021}.Debug|Win32.ActiveCfg = Debug|Win32
		{580670A3-D90A-4FF1-89B8-B53726BE0021}.Release|Win32.ActiveCfg = Release|Win32
		{580670A3-D90A-4FF1-89B8-B53726BE0021}.MinSizeRel|Win32.ActiveCfg = MinSizeRel|Win32
		{580670A3-D90A-4FF1-89B8-B53726BE0021}.RelWithDebInfo|Win32.ActiveCfg = RelWithDebInfo|Win32
		{9578B512-6FA5-42F4-A38A-708B7CDDE6F6}.Debug|Win32.ActiveCfg = Debug|Win32
		{9578B512-6FA5-42F4-A38A-708B7CDDE6F6}.Debug|Win32.Build.0 = Debug|Win32
		{9578B512-6FA5-42F4-A38A-708B7CDDE6F6}.Release|Win32.ActiveCfg = Release|Win32
		{9578B512-6FA5-42F4-A38A-708B7CDDE6F6}.Release|Win32.Build.0 = Release|Win32
		{9578B512-6FA5-42F4-A38A-708B7CDDE6F6}.MinSizeRel|Win32.ActiveCfg = MinSizeRel|Win32
		{9578B512-6FA5-42F4-A38A-708B7CDDE6F6}.MinSizeRel|Win32.Build.0 = MinSizeRel|Win32
		{9578B512-6FA5-42F4-A38A-708B7CDDE6F6}.RelWithDebInfo|Win32.ActiveCfg = RelWithDebInfo|Win32
		{9578B512-6FA5-42F4-A38A-708B7CDDE6F6}.RelWithDebInfo|Win32.Build.0 = RelWithDebInfo|Win32
		{B0639F22-C432-4FAE-A527-34FDDA9C6B82}.Debug|Win32.ActiveCfg = Debug|Win32
		{B0639F22-C432-4FAE-A527-34FDDA9C6B82}.Debug|Win32.Build.0 = Debug|Win32
		{B0639F22-C432-4FAE-A527-34FDDA9C6B82}.Release|Win32.ActiveCfg = Release|Win32
		{B0639F22-C432-4FAE-A527-34FDDA9C6B82}.Release|Win32.Build.0 = Release|Win32
		{B0639F22-C432-4FAE-A527-34FDDA9C6B82}.MinSizeRel|Win32.ActiveCfg = MinSizeRel|Win32
		{B0639F22-C432-4FAE-A527-34FDDA9C6B82}.MinSizeRel|Win32.Build.0 = MinSizeRel|Win32
		{B0639F22-C432-4FAE-A527-34FDDA9C6B82}.RelWithDebInfo|Win32.ActiveCfg = RelWithDebInfo|Win32
		{B0639F22-C432-4FAE-A527-34FDDA9C6B82}.RelWithDebInfo|Win32.Build.0 = RelWithDebInfo|Win32
		{AB4A4715-ABD5-4A51-A000-65512BE57701}.Debug|Win32.ActiveCfg = Debug|Win32
		{AB4A4715-ABD5-4A51-A000-65512BE57701}.Debug|Win32.Build.0 = Debug|Win32
		{AB4A4715-ABD5-4A51-A000-65512BE57701}.Release|Win32.ActiveCfg = Release|Win32
		{AB4A4715-ABD5-4A51-A000-65512BE57701}.Release|Win32.Build.0 = Release|Win32
		{AB4A4715-ABD5-4A51-A000-65512BE57701}.MinSizeRel|Win32.ActiveCfg = MinSizeRel|Win32
		{AB4A4715-ABD5-4A51-A000-65512BE57701}.MinSizeRel|Win32.Build.0 = MinSizeRel|Win32
		{AB4A4715-ABD5-4A51-A000-65512BE57701}.RelWithDebInfo|Win32.ActiveCfg = RelWithDebInfo|Win32
		{AB4A4715-ABD5-4A51-A000-65512BE57701}.RelWithDebInfo|Win32.Build.0 = RelWithDebInfo|Win32
		{FB71664A-7C13-40C6-A5A8-21D1A3DFB04B}.Debug|Win32.ActiveCfg = Debug|Win32
		{FB71664A-7C13-40C6-A5A8-21D1A3DFB04B}.Debug|Win32.Build.0 = Debug|Win32
		{FB71664A-7C13-40C6-A5A8-21D1A3DFB04B}.Release|Win32.ActiveCfg = Release|Win32
		{FB71664A-7C13-40C6-A5A8-21D1A3DFB04B}.Release|Win32.Build.0 = Release|Win32
		{FB71664A-7C13-40C6-A5A8-21D1A3DFB04B}.MinSizeRel|Win32.ActiveCfg = MinSizeRel|Win32
		{FB71664A-7C13-40C6-A5A8-21D1A3DFB04B}.MinSizeRel|Win32.Build.0 = MinSizeRel|Win32
		{FB71664A-7C13-40C6-A5A8-21D1A3DFB04B}.RelWithDebInfo|Win32.ActiveCfg = RelWithDebInfo|Win32
		{FB71664A-7C13-40C6-A5A8-21D1A3DFB04B}.RelWithDebInfo|Win32.Build.0 = RelWithDebInfo|Win32
		{12E604B1-403D-42DE-A600-A31CF4101B9F}.Debug|Win32.ActiveCfg = Debug|Win32
		{12E604B1-403D-42DE-A600-A31CF4101B9F}.Debug|Win32.Build.0 = Debug|Win32
		{12E604B1-403D-42DE-A600-A31CF4101B9F}.Release|Win32.ActiveCfg = Release|Win32
		{12E604B1-403D-42DE-A600-A31CF4101B9F}.Release|Win32.Build.0 = Release|Win32
		{12E604B1-403D-42DE-A600-A31CF4101B9F}.MinSizeRel|Win32.ActiveCfg = MinSizeRel|Win32
		{12E604B1-403D-42DE-A600-A31CF4101B9F}.MinSizeRel|Win32.Build.0 = MinSizeRel|Win32
		{12E604B1-403D-42DE-A600-A31CF4101B9F}.RelWithDebInfo|Win32.ActiveCfg = RelWithDebInfo|Win32
		{12E604B1-403D-42DE-A600-A31CF4101B9F}.RelWithDebInfo|Win32.Build.0 = RelWithDebInfo|Win32
	EndGlobalSection
	GlobalSection(ExtensibilityGlobals) = postSolution
	EndGlobalSection
	GlobalSection(ExtensibilityAddIns) = postSolution
	EndGlobalSection
EndGlobal
