
Microsoft Visual Studio Solution File, Format Version 10.00
# Visual Studio 2008
Project("{54435603-DBB4-11D2-8724-00A0C9A8B90C}") = "ImmerseTubeSPS3dSetup", "ImmerseTubeSPS3dSetup\ImmerseTubeSPS3dSetup.vdproj", "{F56968E2-E464-4595-A88D-3D460B66B674}"
EndProject
Global
	GlobalSection(SolutionConfigurationPlatforms) = preSolution
		Debug|Default = Debug|Default
		Release|Default = Release|Default
	EndGlobalSection
	GlobalSection(ProjectConfigurationPlatforms) = postSolution
		{F56968E2-E464-4595-A88D-3D460B66B674}.Debug|Default.ActiveCfg = Debug
		{F56968E2-E464-4595-A88D-3D460B66B674}.Debug|Default.Build.0 = Debug
		{F56968E2-E464-4595-A88D-3D460B66B674}.Release|Default.ActiveCfg = Release
		{F56968E2-E464-4595-A88D-3D460B66B674}.Release|Default.Build.0 = Release
	EndGlobalSection
	GlobalSection(SolutionProperties) = preSolution
		HideSolutionNode = FALSE
	EndGlobalSection
EndGlobal
